// !$*UTF8*$!
{
	archiveVersion = 1;
	classes = {
	};
	objectVersion = 70;
	objects = {

/* Begin PBXBuildFile section */
		0338F169273C229700FD796C /* GameKit.framework in Frameworks */ = {isa = PBXBuildFile; fileRef = 0338F168273C229700FD796C /* GameKit.framework */; };
		036307CE2FF41CA400C9264F /* TelemetryDeck in Frameworks */ = {isa = PBXBuildFile; productRef = 036307CD2FF41CA400C9264F /* TelemetryDeck */; };
		03A0DE4E2FE4AB0B008C4737 /* WidgetKit.framework in Frameworks */ = {isa = PBXBuildFile; fileRef = 03A0DE4D2FE4AB0B008C4737 /* WidgetKit.framework */; };
		03A0DE502FE4AB0B008C4737 /* SwiftUI.framework in Frameworks */ = {isa = PBXBuildFile; fileRef = 03A0DE4F2FE4AB0B008C4737 /* SwiftUI.framework */; };
		03A0DE5F2FE4AB0D008C4737 /* ConjuguerWidgetExtension.appex in Embed Foundation Extensions */ = {isa = PBXBuildFile; fileRef = 03A0DE4C2FE4AB0B008C4737 /* ConjuguerWidgetExtension.appex */; settings = {ATTRIBUTES = (RemoveHeadersOnCopy, ); }; };
/* End PBXBuildFile section */

/* Begin PBXContainerItemProxy section */
		036DB79C259FD6510013C3B7 /* PBXContainerItemProxy */ = {
			isa = PBXContainerItemProxy;
			containerPortal = 036DB782259FD6500013C3B7 /* Project object */;
			proxyType = 1;
			remoteGlobalIDString = 036DB789259FD6500013C3B7;
			remoteInfo = Conjuguer;
		};
		03A0DE5D2FE4AB0D008C4737 /* PBXContainerItemProxy */ = {
			isa = PBXContainerItemProxy;
			containerPortal = 036DB782259FD6500013C3B7 /* Project object */;
			proxyType = 1;
			remoteGlobalIDString = 03A0DE4B2FE4AB0B008C4737;
			remoteInfo = ConjuguerWidgetExtension;
		};
/* End PBXContainerItemProxy section */

/* Begin PBXCopyFilesBuildPhase section */
		03A0DE602FE4AB0D008C4737 /* Embed Foundation Extensions */ = {
			isa = PBXCopyFilesBuildPhase;
			buildActionMask = 2147483647;
			dstPath = "";
			dstSubfolderSpec = 13;
			files = (
				03A0DE5F2FE4AB0D008C4737 /* ConjuguerWidgetExtension.appex in Embed Foundation Extensions */,
			);
			name = "Embed Foundation Extensions";
			runOnlyForDeploymentPostprocessing = 0;
		};
/* End PBXCopyFilesBuildPhase section */

/* Begin PBXFileReference section */
		0338F168273C229700FD796C /* GameKit.framework */ = {isa = PBXFileReference; lastKnownFileType = wrapper.framework; name = GameKit.framework; path = System/Library/Frameworks/GameKit.framework; sourceTree = SDKROOT; };
		036307D02FF41CA400C9264F /* Conjuguer/Secrets.xcconfig */ = {isa = PBXFileReference; lastKnownFileType = text.xcconfig; path = Conjuguer/Secrets.xcconfig; sourceTree = "<group>"; };
		036DB78A259FD6500013C3B7 /* Conjuguer.app */ = {isa = PBXFileReference; explicitFileType = wrapper.application; includeInIndex = 0; path = Conjuguer.app; sourceTree = BUILT_PRODUCTS_DIR; };
		036DB79B259FD6510013C3B7 /* ConjuguerTests.xctest */ = {isa = PBXFileReference; explicitFileType = wrapper.cfbundle; includeInIndex = 0; path = ConjuguerTests.xctest; sourceTree = BUILT_PRODUCTS_DIR; };
		03A0DE4C2FE4AB0B008C4737 /* ConjuguerWidgetExtension.appex */ = {isa = PBXFileReference; explicitFileType = "wrapper.app-extension"; includeInIndex = 0; path = ConjuguerWidgetExtension.appex; sourceTree = BUILT_PRODUCTS_DIR; };
		03A0DE4D2FE4AB0B008C4737 /* WidgetKit.framework */ = {isa = PBXFileReference; lastKnownFileType = wrapper.framework; name = WidgetKit.framework; path = System/Library/Frameworks/WidgetKit.framework; sourceTree = SDKROOT; };
		03A0DE4F2FE4AB0B008C4737 /* SwiftUI.framework */ = {isa = PBXFileReference; lastKnownFileType = wrapper.framework; name = SwiftUI.framework; path = System/Library/Frameworks/SwiftUI.framework; sourceTree = SDKROOT; };
		03C196282FE4C33900353E69 /* ConjuguerWidgetExtension.entitlements */ = {isa = PBXFileReference; lastKnownFileType = text.plist.entitlements; path = ConjuguerWidgetExtension.entitlements; sourceTree = "<group>"; };
/* End PBXFileReference section */

/* Begin PBXFileSystemSynchronizedBuildFileExceptionSet section */
		0341A7452FCC691800B61C2F /* PBXFileSystemSynchronizedBuildFileExceptionSet */ = {
			isa = PBXFileSystemSynchronizedBuildFileExceptionSet;
			membershipExceptions = (
				Info.plist,
				Secrets.example.xcconfig,
				Secrets.xcconfig,
			);
			target = 036DB789259FD6500013C3B7 /* Conjuguer */;
		};
		0341A7502FCC692000B61C2F /* PBXFileSystemSynchronizedBuildFileExceptionSet */ = {
			isa = PBXFileSystemSynchronizedBuildFileExceptionSet;
			membershipExceptions = (
				Info.plist,
			);
			target = 036DB79A259FD6510013C3B7 /* ConjuguerTests */;
		};
		03A0DE642FE4AB0D008C4737 /* PBXFileSystemSynchronizedBuildFileExceptionSet */ = {
			isa = PBXFileSystemSynchronizedBuildFileExceptionSet;
			membershipExceptions = (
				Info.plist,
			);
			target = 03A0DE4B2FE4AB0B008C4737 /* ConjuguerWidgetExtension */;
		};
/* End PBXFileSystemSynchronizedBuildFileExceptionSet section */

/* Begin PBXFileSystemSynchronizedRootGroup section */
		0341A6D42FCC691800B61C2F /* Conjuguer */ = {isa = PBXFileSystemSynchronizedRootGroup; exceptions = (0341A7452FCC691800B61C2F /* PBXFileSystemSynchronizedBuildFileExceptionSet */, ); explicitFileTypes = {}; explicitFolders = (); path = Conjuguer; sourceTree = "<group>"; };
		0341A74B2FCC692000B61C2F /* ConjuguerTests */ = {isa = PBXFileSystemSynchronizedRootGroup; exceptions = (0341A7502FCC692000B61C2F /* PBXFileSystemSynchronizedBuildFileExceptionSet */, ); explicitFileTypes = {}; explicitFolders = (); path = ConjuguerTests; sourceTree = "<group>"; };
		03A0DE512FE4AB0B008C4737 /* ConjuguerWidget */ = {isa = PBXFileSystemSynchronizedRootGroup; exceptions = (03A0DE642FE4AB0D008C4737 /* PBXFileSystemSynchronizedBuildFileExceptionSet */, ); explicitFileTypes = {}; explicitFolders = (); path = ConjuguerWidget; sourceTree = "<group>"; };
		03C1962A2FE4C54D00353E69 /* Shared */ = {isa = PBXFileSystemSynchronizedRootGroup; explicitFileTypes = {}; explicitFolders = (); path = Shared; sourceTree = "<group>"; };
/* End PBXFileSystemSynchronizedRootGroup section */

/* Begin PBXFrameworksBuildPhase section */
		036DB787259FD6500013C3B7 /* Frameworks */ = {
			isa = PBXFrameworksBuildPhase;
			buildActionMask = 2147483647;
			files = (
				0338F169273C229700FD796C /* GameKit.framework in Frameworks */,
				036307CE2FF41CA400C9264F /* TelemetryDeck in Frameworks */,
			);
			runOnlyForDeploymentPostprocessing = 0;
		};
		036DB798259FD6510013C3B7 /* Frameworks */ = {
			isa = PBXFrameworksBuildPhase;
			buildActionMask = 2147483647;
			files = (
			);
			runOnlyForDeploymentPostprocessing = 0;
		};
		03A0DE492FE4AB0B008C4737 /* Frameworks */ = {
			isa = PBXFrameworksBuildPhase;
			buildActionMask = 2147483647;
			files = (
				03A0DE502FE4AB0B008C4737 /* SwiftUI.framework in Frameworks */,
				03A0DE4E2FE4AB0B008C4737 /* WidgetKit.framework in Frameworks */,
			);
			runOnlyForDeploymentPostprocessing = 0;
		};
/* End PBXFrameworksBuildPhase section */

/* Begin PBXGroup section */
		0338F167273C229700FD796C /* Frameworks */ = {
			isa = PBXGroup;
			children = (
				0338F168273C229700FD796C /* GameKit.framework */,
				03A0DE4D2FE4AB0B008C4737 /* WidgetKit.framework */,
				03A0DE4F2FE4AB0B008C4737 /* SwiftUI.framework */,
			);
			name = Frameworks;
			sourceTree = "<group>";
		};
		036DB781259FD6500013C3B7 = {
			isa = PBXGroup;
			children = (
				03C1962A2FE4C54D00353E69 /* Shared */,
				03C196282FE4C33900353E69 /* ConjuguerWidgetExtension.entitlements */,
				0341A6D42FCC691800B61C2F /* Conjuguer */,
				036307D02FF41CA400C9264F /* Conjuguer/Secrets.xcconfig */,
				0341A74B2FCC692000B61C2F /* ConjuguerTests */,
				03A0DE512FE4AB0B008C4737 /* ConjuguerWidget */,
				036DB78B259FD6500013C3B7 /* Products */,
				0338F167273C229700FD796C /* Frameworks */,
			);
			sourceTree = "<group>";
		};
		036DB78B259FD6500013C3B7 /* Products */ = {
			isa = PBXGroup;
			children = (
				036DB78A259FD6500013C3B7 /* Conjuguer.app */,
				036DB79B259FD6510013C3B7 /* ConjuguerTests.xctest */,
				03A0DE4C2FE4AB0B008C4737 /* ConjuguerWidgetExtension.appex */,
			);
			name = Products;
			sourceTree = "<group>";
		};
/* End PBXGroup section */

/* Begin PBXNativeTarget section */
		036DB789259FD6500013C3B7 /* Conjuguer */ = {
			isa = PBXNativeTarget;
			buildConfigurationList = 036DB7AF259FD6510013C3B7 /* Build configuration list for PBXNativeTarget "Conjuguer" */;
			buildPhases = (
				036DB786259FD6500013C3B7 /* Sources */,
				036DB787259FD6500013C3B7 /* Frameworks */,
				036DB788259FD6500013C3B7 /* Resources */,
				03A0DE602FE4AB0D008C4737 /* Embed Foundation Extensions */,
			);
			buildRules = (
			);
			dependencies = (
				03A0DE5E2FE4AB0D008C4737 /* PBXTargetDependency */,
			);
			fileSystemSynchronizedGroups = (
				0341A6D42FCC691800B61C2F /* Conjuguer */,
				03C1962A2FE4C54D00353E69 /* Shared */,
			);
			name = Conjuguer;
			packageProductDependencies = (
				036307CD2FF41CA400C9264F /* TelemetryDeck */,
			);
			productName = Conjuguer;
			productReference = 036DB78A259FD6500013C3B7 /* Conjuguer.app */;
			productType = "com.apple.product-type.application";
		};
		036DB79A259FD6510013C3B7 /* ConjuguerTests */ = {
			isa = PBXNativeTarget;
			buildConfigurationList = 036DB7B2259FD6510013C3B7 /* Build configuration list for PBXNativeTarget "ConjuguerTests" */;
			buildPhases = (
				036DB797259FD6510013C3B7 /* Sources */,
				036DB798259FD6510013C3B7 /* Frameworks */,
				036DB799259FD6510013C3B7 /* Resources */,
			);
			buildRules = (
			);
			dependencies = (
				036DB79D259FD6510013C3B7 /* PBXTargetDependency */,
			);
			fileSystemSynchronizedGroups = (
				0341A74B2FCC692000B61C2F /* ConjuguerTests */,
			);
			name = ConjuguerTests;
			productName = ConjuguerTests;
			productReference = 036DB79B259FD6510013C3B7 /* ConjuguerTests.xctest */;
			productType = "com.apple.product-type.bundle.unit-test";
		};
		03A0DE4B2FE4AB0B008C4737 /* ConjuguerWidgetExtension */ = {
			isa = PBXNativeTarget;
			buildConfigurationList = 03A0DE632FE4AB0D008C4737 /* Build configuration list for PBXNativeTarget "ConjuguerWidgetExtension" */;
			buildPhases = (
				03A0DE482FE4AB0B008C4737 /* Sources */,
				03A0DE492FE4AB0B008C4737 /* Frameworks */,
				03A0DE4A2FE4AB0B008C4737 /* Resources */,
			);
			buildRules = (
			);
			dependencies = (
			);
			fileSystemSynchronizedGroups = (
				03A0DE512FE4AB0B008C4737 /* ConjuguerWidget */,
				03C1962A2FE4C54D00353E69 /* Shared */,
			);
			name = ConjuguerWidgetExtension;
			packageProductDependencies = (
			);
			productName = ConjuguerWidgetExtension;
			productReference = 03A0DE4C2FE4AB0B008C4737 /* ConjuguerWidgetExtension.appex */;
			productType = "com.apple.product-type.app-extension";
		};
/* End PBXNativeTarget section */

/* Begin PBXProject section */
		036DB782259FD6500013C3B7 /* Project object */ = {
			isa = PBXProject;
			attributes = {
				LastSwiftUpdateCheck = 2630;
				LastUpgradeCheck = 1250;
				TargetAttributes = {
					036DB789259FD6500013C3B7 = {
						CreatedOnToolsVersion = 12.2;
					};
					036DB79A259FD6510013C3B7 = {
						CreatedOnToolsVersion = 12.2;
						TestTargetID = 036DB789259FD6500013C3B7;
					};
					03A0DE4B2FE4AB0B008C4737 = {
						CreatedOnToolsVersion = 26.3;
					};
				};
			};
			buildConfigurationList = 036DB785259FD6500013C3B7 /* Build configuration list for PBXProject "Conjuguer" */;
			compatibilityVersion = "Xcode 9.3";
			developmentRegion = en;
			hasScannedForEncodings = 0;
			knownRegions = (
				en,
				Base,
				fr,
			);
			mainGroup = 036DB781259FD6500013C3B7;
			packageReferences = (
				036307CC2FF41CA400C9264F /* XCRemoteSwiftPackageReference "SwiftSDK" */,
			);
			productRefGroup = 036DB78B259FD6500013C3B7 /* Products */;
			projectDirPath = "";
			projectRoot = "";
			targets = (
				036DB789259FD6500013C3B7 /* Conjuguer */,
				036DB79A259FD6510013C3B7 /* ConjuguerTests */,
				03A0DE4B2FE4AB0B008C4737 /* ConjuguerWidgetExtension */,
			);
		};
/* End PBXProject section */

/* Begin PBXResourcesBuildPhase section */
		036DB788259FD6500013C3B7 /* Resources */ = {
			isa = PBXResourcesBuildPhase;
			buildActionMask = 2147483647;
			files = (
			);
			runOnlyForDeploymentPostprocessing = 0;
		};
		036DB799259FD6510013C3B7 /* Resources */ = {
			isa = PBXResourcesBuildPhase;
			buildActionMask = 2147483647;
			files = (
			);
			runOnlyForDeploymentPostprocessing = 0;
		};
		03A0DE4A2FE4AB0B008C4737 /* Resources */ = {
			isa = PBXResourcesBuildPhase;
			buildActionMask = 2147483647;
			files = (
			);
			runOnlyForDeploymentPostprocessing = 0;
		};
/* End PBXResourcesBuildPhase section */

/* Begin PBXSourcesBuildPhase section */
		036DB786259FD6500013C3B7 /* Sources */ = {
			isa = PBXSourcesBuildPhase;
			buildActionMask = 2147483647;
			files = (
			);
			runOnlyForDeploymentPostprocessing = 0;
		};
		036DB797259FD6510013C3B7 /* Sources */ = {
			isa = PBXSourcesBuildPhase;
			buildActionMask = 2147483647;
			files = (
			);
			runOnlyForDeploymentPostprocessing = 0;
		};
		03A0DE482FE4AB0B008C4737 /* Sources */ = {
			isa = PBXSourcesBuildPhase;
			buildActionMask = 2147483647;
			files = (
			);
			runOnlyForDeploymentPostprocessing = 0;
		};
/* End PBXSourcesBuildPhase section */

/* Begin PBXTargetDependency section */
		036DB79D259FD6510013C3B7 /* PBXTargetDependency */ = {
			isa = PBXTargetDependency;
			target = 036DB789259FD6500013C3B7 /* Conjuguer */;
			targetProxy = 036DB79C259FD6510013C3B7 /* PBXContainerItemProxy */;
		};
		03A0DE5E2FE4AB0D008C4737 /* PBXTargetDependency */ = {
			isa = PBXTargetDependency;
			target = 03A0DE4B2FE4AB0B008C4737 /* ConjuguerWidgetExtension */;
			targetProxy = 03A0DE5D2FE4AB0D008C4737 /* PBXContainerItemProxy */;
		};
/* End PBXTargetDependency section */

/* Begin XCBuildConfiguration section */
		036DB7AD259FD6510013C3B7 /* Debug */ = {
			isa = XCBuildConfiguration;
			buildSettings = {
				ALWAYS_SEARCH_USER_PATHS = NO;
				CLANG_ANALYZER_LOCALIZABILITY_NONLOCALIZED = YES;
				CLANG_ANALYZER_NONNULL = YES;
				CLANG_ANALYZER_NUMBER_OBJECT_CONVERSION = YES_AGGRESSIVE;
				CLANG_CXX_LANGUAGE_STANDARD = "gnu++14";
				CLANG_CXX_LIBRARY = "libc++";
				CLANG_ENABLE_MODULES = YES;
				CLANG_ENABLE_OBJC_ARC = YES;
				CLANG_ENABLE_OBJC_WEAK = YES;
				CLANG_WARN_BLOCK_CAPTURE_AUTORELEASING = YES;
				CLANG_WARN_BOOL_CONVERSION = YES;
				CLANG_WARN_COMMA = YES;
				CLANG_WARN_CONSTANT_CONVERSION = YES;
				CLANG_WARN_DEPRECATED_OBJC_IMPLEMENTATIONS = YES;
				CLANG_WARN_DIRECT_OBJC_ISA_USAGE = YES_ERROR;
				CLANG_WARN_DOCUMENTATION_COMMENTS = YES;
				CLANG_WARN_EMPTY_BODY = YES;
				CLANG_WARN_ENUM_CONVERSION = YES;
				CLANG_WARN_INFINITE_RECURSION = YES;
				CLANG_WARN_INT_CONVERSION = YES;
				CLANG_WARN_NON_LITERAL_NULL_CONVERSION = YES;
				CLANG_WARN_OBJC_IMPLICIT_RETAIN_SELF = YES;
				CLANG_WARN_OBJC_LITERAL_CONVERSION = YES;
				CLANG_WARN_OBJC_ROOT_CLASS = YES_ERROR;
				CLANG_WARN_QUOTED_INCLUDE_IN_FRAMEWORK_HEADER = YES;
				CLANG_WARN_RANGE_LOOP_ANALYSIS = YES;
				CLANG_WARN_STRICT_PROTOTYPES = YES;
				CLANG_WARN_SUSPICIOUS_MOVE = YES;
				CLANG_WARN_UNGUARDED_AVAILABILITY = YES_AGGRESSIVE;
				CLANG_WARN_UNREACHABLE_CODE = YES;
				CLANG_WARN__DUPLICATE_METHOD_MATCH = YES;
				COPY_PHASE_STRIP = NO;
				DEBUG_INFORMATION_FORMAT = dwarf;
				ENABLE_STRICT_OBJC_MSGSEND = YES;
				ENABLE_TESTABILITY = YES;
				GCC_C_LANGUAGE_STANDARD = gnu11;
				GCC_DYNAMIC_NO_PIC = NO;
				GCC_NO_COMMON_BLOCKS = YES;
				GCC_OPTIMIZATION_LEVEL = 0;
				GCC_PREPROCESSOR_DEFINITIONS = (
					"DEBUG=1",
					"$(inherited)",
				);
				GCC_WARN_64_TO_32_BIT_CONVERSION = YES;
				GCC_WARN_ABOUT_RETURN_TYPE = YES_ERROR;
				GCC_WARN_UNDECLARED_SELECTOR = YES;
				GCC_WARN_UNINITIALIZED_AUTOS = YES_AGGRESSIVE;
				GCC_WARN_UNUSED_FUNCTION = YES;
				GCC_WARN_UNUSED_VARIABLE = YES;
				IPHONEOS_DEPLOYMENT_TARGET = 26.0;
				MTL_ENABLE_DEBUG_INFO = INCLUDE_SOURCE;
				MTL_FAST_MATH = YES;
				ONLY_ACTIVE_ARCH = YES;
				SDKROOT = iphoneos;
				SWIFT_ACTIVE_COMPILATION_CONDITIONS = DEBUG;
				SWIFT_OPTIMIZATION_LEVEL = "-Onone";
				SWIFT_STRICT_CONCURRENCY = complete;
			};
			name = Debug;
		};
		036DB7AE259FD6510013C3B7 /* Release */ = {
			isa = XCBuildConfiguration;
			buildSettings = {
				ALWAYS_SEARCH_USER_PATHS = NO;
				CLANG_ANALYZER_LOCALIZABILITY_NONLOCALIZED = YES;
				CLANG_ANALYZER_NONNULL = YES;
				CLANG_ANALYZER_NUMBER_OBJECT_CONVERSION = YES_AGGRESSIVE;
				CLANG_CXX_LANGUAGE_STANDARD = "gnu++14";
				CLANG_CXX_LIBRARY = "libc++";
				CLANG_ENABLE_MODULES = YES;
				CLANG_ENABLE_OBJC_ARC = YES;
				CLANG_ENABLE_OBJC_WEAK = YES;
				CLANG_WARN_BLOCK_CAPTURE_AUTORELEASING = YES;
				CLANG_WARN_BOOL_CONVERSION = YES;
				CLANG_WARN_COMMA = YES;
				CLANG_WARN_CONSTANT_CONVERSION = YES;
				CLANG_WARN_DEPRECATED_OBJC_IMPLEMENTATIONS = YES;
				CLANG_WARN_DIRECT_OBJC_ISA_USAGE = YES_ERROR;
				CLANG_WARN_DOCUMENTATION_COMMENTS = YES;
				CLANG_WARN_EMPTY_BODY = YES;
				CLANG_WARN_ENUM_CONVERSION = YES;
				CLANG_WARN_INFINITE_RECURSION = YES;
				CLANG_WARN_INT_CONVERSION = YES;
				CLANG_WARN_NON_LITERAL_NULL_CONVERSION = YES;
				CLANG_WARN_OBJC_IMPLICIT_RETAIN_SELF = YES;
				CLANG_WARN_OBJC_LITERAL_CONVERSION = YES;
				CLANG_WARN_OBJC_ROOT_CLASS = YES_ERROR;
				CLANG_WARN_QUOTED_INCLUDE_IN_FRAMEWORK_HEADER = YES;
				CLANG_WARN_RANGE_LOOP_ANALYSIS = YES;
				CLANG_WARN_STRICT_PROTOTYPES = YES;
				CLANG_WARN_SUSPICIOUS_MOVE = YES;
				CLANG_WARN_UNGUARDED_AVAILABILITY = YES_AGGRESSIVE;
				CLANG_WARN_UNREACHABLE_CODE = YES;
				CLANG_WARN__DUPLICATE_METHOD_MATCH = YES;
				COPY_PHASE_STRIP = NO;
				DEBUG_INFORMATION_FORMAT = "dwarf-with-dsym";
				ENABLE_NS_ASSERTIONS = NO;
				ENABLE_STRICT_OBJC_MSGSEND = YES;
				GCC_C_LANGUAGE_STANDARD = gnu11;
				GCC_NO_COMMON_BLOCKS = YES;
				GCC_WARN_64_TO_32_BIT_CONVERSION = YES;
				GCC_WARN_ABOUT_RETURN_TYPE = YES_ERROR;
				GCC_WARN_UNDECLARED_SELECTOR = YES;
				GCC_WARN_UNINITIALIZED_AUTOS = YES_AGGRESSIVE;
				GCC_WARN_UNUSED_FUNCTION = YES;
				GCC_WARN_UNUSED_VARIABLE = YES;
				IPHONEOS_DEPLOYMENT_TARGET = 26.0;
				MTL_ENABLE_DEBUG_INFO = NO;
				MTL_FAST_MATH = YES;
				SDKROOT = iphoneos;
				SWIFT_COMPILATION_MODE = wholemodule;
				SWIFT_OPTIMIZATION_LEVEL = "-O";
				SWIFT_STRICT_CONCURRENCY = complete;
				VALIDATE_PRODUCT = YES;
			};
			name = Release;
		};
		036DB7B0259FD6510013C3B7 /* Debug */ = {
			isa = XCBuildConfiguration;
			baseConfigurationReference = 036307D02FF41CA400C9264F /* Conjuguer/Secrets.xcconfig */;
			buildSettings = {
				ASSETCATALOG_COMPILER_APPICON_NAME = AppIcon;
				ASSETCATALOG_COMPILER_GLOBAL_ACCENT_COLOR_NAME = AccentColor;
				ASSETCATALOG_COMPILER_INCLUDE_ALL_APPICON_ASSETS = YES;
				CODE_SIGN_ENTITLEMENTS = Conjuguer/Conjuguer.entitlements;
				CODE_SIGN_STYLE = Automatic;
				DEVELOPMENT_ASSET_PATHS = "\"Conjuguer/App/Preview Content\"";
				DEVELOPMENT_TEAM = V3L2PL4QC9;
				ENABLE_PREVIEWS = YES;
				INFOPLIST_FILE = Conjuguer/Info.plist;
				INFOPLIST_KEY_LSApplicationCategoryType = "public.app-category.reference";
				IPHONEOS_DEPLOYMENT_TARGET = 26.0;
				LD_RUNPATH_SEARCH_PATHS = (
					"$(inherited)",
					"@executable_path/Frameworks",
				);
				MARKETING_VERSION = 2.0;
				PRODUCT_BUNDLE_IDENTIFIER = software.racecondition.Conjuguer;
				PRODUCT_NAME = "$(TARGET_NAME)";
				SWIFT_APPROACHABLE_CONCURRENCY = YES;
				SWIFT_DEFAULT_ACTOR_ISOLATION = MainActor;
				SWIFT_UPCOMING_FEATURE_MEMBER_IMPORT_VISIBILITY = YES;
				SWIFT_VERSION = 6.0;
				TARGETED_DEVICE_FAMILY = "1,2";
			};
			name = Debug;
		};
		036DB7B1259FD6510013C3B7 /* Release */ = {
			isa = XCBuildConfiguration;
			baseConfigurationReference = 036307D02FF41CA400C9264F /* Conjuguer/Secrets.xcconfig */;
			buildSettings = {
				ASSETCATALOG_COMPILER_APPICON_NAME = AppIcon;
				ASSETCATALOG_COMPILER_GLOBAL_ACCENT_COLOR_NAME = AccentColor;
				ASSETCATALOG_COMPILER_INCLUDE_ALL_APPICON_ASSETS = YES;
				CODE_SIGN_ENTITLEMENTS = Conjuguer/Conjuguer.entitlements;
				CODE_SIGN_STYLE = Automatic;
				DEVELOPMENT_ASSET_PATHS = "\"Conjuguer/App/Preview Content\"";
				DEVELOPMENT_TEAM = V3L2PL4QC9;
				ENABLE_PREVIEWS = YES;
				INFOPLIST_FILE = Conjuguer/Info.plist;
				INFOPLIST_KEY_LSApplicationCategoryType = "public.app-category.reference";
				IPHONEOS_DEPLOYMENT_TARGET = 26.0;
				LD_RUNPATH_SEARCH_PATHS = (
					"$(inherited)",
					"@executable_path/Frameworks",
				);
				MARKETING_VERSION = 2.0;
				PRODUCT_BUNDLE_IDENTIFIER = software.racecondition.Conjuguer;
				PRODUCT_NAME = "$(TARGET_NAME)";
				SWIFT_APPROACHABLE_CONCURRENCY = YES;
				SWIFT_DEFAULT_ACTOR_ISOLATION = MainActor;
				SWIFT_UPCOMING_FEATURE_MEMBER_IMPORT_VISIBILITY = YES;
				SWIFT_VERSION = 6.0;
				TARGETED_DEVICE_FAMILY = "1,2";
			};
			name = Release;
		};
		036DB7B3259FD6510013C3B7 /* Debug */ = {
			isa = XCBuildConfiguration;
			buildSettings = {
				BUNDLE_LOADER = "$(TEST_HOST)";
				CODE_SIGN_STYLE = Automatic;
				DEVELOPMENT_TEAM = V3L2PL4QC9;
				INFOPLIST_FILE = ConjuguerTests/Info.plist;
				IPHONEOS_DEPLOYMENT_TARGET = 26.0;
				LD_RUNPATH_SEARCH_PATHS = (
					"$(inherited)",
					"@executable_path/Frameworks",
					"@loader_path/Frameworks",
				);
				PRODUCT_BUNDLE_IDENTIFIER = software.racecondition.ConjuguerTests;
				PRODUCT_NAME = "$(TARGET_NAME)";
				SWIFT_APPROACHABLE_CONCURRENCY = YES;
				SWIFT_UPCOMING_FEATURE_MEMBER_IMPORT_VISIBILITY = YES;
				SWIFT_VERSION = 6.0;
				TARGETED_DEVICE_FAMILY = "1,2";
				TEST_HOST = "$(BUILT_PRODUCTS_DIR)/Conjuguer.app/Conjuguer";
			};
			name = Debug;
		};
		036DB7B4259FD6510013C3B7 /* Release */ = {
			isa = XCBuildConfiguration;
			buildSettings = {
				BUNDLE_LOADER = "$(TEST_HOST)";
				CODE_SIGN_STYLE = Automatic;
				DEVELOPMENT_TEAM = V3L2PL4QC9;
				INFOPLIST_FILE = ConjuguerTests/Info.plist;
				IPHONEOS_DEPLOYMENT_TARGET = 26.0;
				LD_RUNPATH_SEARCH_PATHS = (
					"$(inherited)",
					"@executable_path/Frameworks",
					"@loader_path/Frameworks",
				);
				PRODUCT_BUNDLE_IDENTIFIER = software.racecondition.ConjuguerTests;
				PRODUCT_NAME = "$(TARGET_NAME)";
				SWIFT_APPROACHABLE_CONCURRENCY = YES;
				SWIFT_UPCOMING_FEATURE_MEMBER_IMPORT_VISIBILITY = YES;
				SWIFT_VERSION = 6.0;
				TARGETED_DEVICE_FAMILY = "1,2";
				TEST_HOST = "$(BUILT_PRODUCTS_DIR)/Conjuguer.app/Conjuguer";
			};
			name = Release;
		};
		03A0DE612FE4AB0D008C4737 /* Debug */ = {
			isa = XCBuildConfiguration;
			buildSettings = {
				ASSETCATALOG_COMPILER_GENERATE_SWIFT_ASSET_SYMBOL_EXTENSIONS = YES;
				ASSETCATALOG_COMPILER_GLOBAL_ACCENT_COLOR_NAME = AccentColor;
				ASSETCATALOG_COMPILER_WIDGET_BACKGROUND_COLOR_NAME = WidgetBackground;
				CLANG_CXX_LANGUAGE_STANDARD = "gnu++20";
				CODE_SIGN_ENTITLEMENTS = ConjuguerWidgetExtension.entitlements;
				CODE_SIGN_STYLE = Automatic;
				CURRENT_PROJECT_VERSION = 1;
				DEVELOPMENT_TEAM = V3L2PL4QC9;
				ENABLE_USER_SCRIPT_SANDBOXING = YES;
				GCC_C_LANGUAGE_STANDARD = gnu17;
				GENERATE_INFOPLIST_FILE = YES;
				INFOPLIST_FILE = ConjuguerWidget/Info.plist;
				INFOPLIST_KEY_CFBundleDisplayName = ConjuguerWidget;
				INFOPLIST_KEY_NSHumanReadableCopyright = "";
				IPHONEOS_DEPLOYMENT_TARGET = 26.0;
				LD_RUNPATH_SEARCH_PATHS = (
					"$(inherited)",
					"@executable_path/Frameworks",
					"@executable_path/../../Frameworks",
				);
				LOCALIZATION_PREFERS_STRING_CATALOGS = YES;
				MARKETING_VERSION = 2.0;
				PRODUCT_BUNDLE_IDENTIFIER = software.racecondition.Conjuguer.ConjuguerWidget;
				PRODUCT_NAME = "$(TARGET_NAME)";
				SKIP_INSTALL = YES;
				STRING_CATALOG_GENERATE_SYMBOLS = YES;
				SWIFT_ACTIVE_COMPILATION_CONDITIONS = "DEBUG $(inherited)";
				SWIFT_APPROACHABLE_CONCURRENCY = YES;
				SWIFT_DEFAULT_ACTOR_ISOLATION = MainActor;
				SWIFT_EMIT_LOC_STRINGS = YES;
				SWIFT_UPCOMING_FEATURE_MEMBER_IMPORT_VISIBILITY = YES;
				SWIFT_VERSION = 6.0;
				TARGETED_DEVICE_FAMILY = "1,2";
			};
			name = Debug;
		};
		03A0DE622FE4AB0D008C4737 /* Release */ = {
			isa = XCBuildConfiguration;
			buildSettings = {
				ASSETCATALOG_COMPILER_GENERATE_SWIFT_ASSET_SYMBOL_EXTENSIONS = YES;
				ASSETCATALOG_COMPILER_GLOBAL_ACCENT_COLOR_NAME = AccentColor;
				ASSETCATALOG_COMPILER_WIDGET_BACKGROUND_COLOR_NAME = WidgetBackground;
				CLANG_CXX_LANGUAGE_STANDARD = "gnu++20";
				CODE_SIGN_ENTITLEMENTS = ConjuguerWidgetExtension.entitlements;
				CODE_SIGN_STYLE = Automatic;
				CURRENT_PROJECT_VERSION = 1;
				DEVELOPMENT_TEAM = V3L2PL4QC9;
				ENABLE_USER_SCRIPT_SANDBOXING = YES;
				GCC_C_LANGUAGE_STANDARD = gnu17;
				GENERATE_INFOPLIST_FILE = YES;
				INFOPLIST_FILE = ConjuguerWidget/Info.plist;
				INFOPLIST_KEY_CFBundleDisplayName = ConjuguerWidget;
				INFOPLIST_KEY_NSHumanReadableCopyright = "";
				IPHONEOS_DEPLOYMENT_TARGET = 26.0;
				LD_RUNPATH_SEARCH_PATHS = (
					"$(inherited)",
					"@executable_path/Frameworks",
					"@executable_path/../../Frameworks",
				);
				LOCALIZATION_PREFERS_STRING_CATALOGS = YES;
				MARKETING_VERSION = 2.0;
				PRODUCT_BUNDLE_IDENTIFIER = software.racecondition.Conjuguer.ConjuguerWidget;
				PRODUCT_NAME = "$(TARGET_NAME)";
				SKIP_INSTALL = YES;
				STRING_CATALOG_GENERATE_SYMBOLS = YES;
				SWIFT_APPROACHABLE_CONCURRENCY = YES;
				SWIFT_DEFAULT_ACTOR_ISOLATION = MainActor;
				SWIFT_EMIT_LOC_STRINGS = YES;
				SWIFT_UPCOMING_FEATURE_MEMBER_IMPORT_VISIBILITY = YES;
				SWIFT_VERSION = 6.0;
				TARGETED_DEVICE_FAMILY = "1,2";
			};
			name = Release;
		};
/* End XCBuildConfiguration section */

/* Begin XCConfigurationList section */
		036DB785259FD6500013C3B7 /* Build configuration list for PBXProject "Conjuguer" */ = {
			isa = XCConfigurationList;
			buildConfigurations = (
				036DB7AD259FD6510013C3B7 /* Debug */,
				036DB7AE259FD6510013C3B7 /* Release */,
			);
			defaultConfigurationIsVisible = 0;
			defaultConfigurationName = Release;
		};
		036DB7AF259FD6510013C3B7 /* Build configuration list for PBXNativeTarget "Conjuguer" */ = {
			isa = XCConfigurationList;
			buildConfigurations = (
				036DB7B0259FD6510013C3B7 /* Debug */,
				036DB7B1259FD6510013C3B7 /* Release */,
			);
			defaultConfigurationIsVisible = 0;
			defaultConfigurationName = Release;
		};
		036DB7B2259FD6510013C3B7 /* Build configuration list for PBXNativeTarget "ConjuguerTests" */ = {
			isa = XCConfigurationList;
			buildConfigurations = (
				036DB7B3259FD6510013C3B7 /* Debug */,
				036DB7B4259FD6510013C3B7 /* Release */,
			);
			defaultConfigurationIsVisible = 0;
			defaultConfigurationName = Release;
		};
		03A0DE632FE4AB0D008C4737 /* Build configuration list for PBXNativeTarget "ConjuguerWidgetExtension" */ = {
			isa = XCConfigurationList;
			buildConfigurations = (
				03A0DE612FE4AB0D008C4737 /* Debug */,
				03A0DE622FE4AB0D008C4737 /* Release */,
			);
			defaultConfigurationIsVisible = 0;
			defaultConfigurationName = Release;
		};
/* End XCConfigurationList section */

/* Begin XCRemoteSwiftPackageReference section */
		036307CC2FF41CA400C9264F /* XCRemoteSwiftPackageReference "SwiftSDK" */ = {
			isa = XCRemoteSwiftPackageReference;
			repositoryURL = "https://github.com/TelemetryDeck/SwiftSDK";
			requirement = {
				kind = upToNextMajorVersion;
				minimumVersion = 2.14.1;
			};
		};
/* End XCRemoteSwiftPackageReference section */

/* Begin XCSwiftPackageProductDependency section */
		036307CD2FF41CA400C9264F /* TelemetryDeck */ = {
			isa = XCSwiftPackageProductDependency;
			package = 036307CC2FF41CA400C9264F /* XCRemoteSwiftPackageReference "SwiftSDK" */;
			productName = TelemetryDeck;
		};
/* End XCSwiftPackageProductDependency section */
	};
	rootObject = 036DB782259FD6500013C3B7 /* Project object */;
}
