// !$*UTF8*$!
{
	archiveVersion = 1;
	classes = {
	};
	objectVersion = 50;
	objects = {

/* Begin PBXBuildFile section */
		030FFAA526CA19CB00741524 /* frequencies.xml in Resources */ = {isa = PBXBuildFile; fileRef = 030FFAA426CA19CB00741524 /* frequencies.xml */; };
		030FFAA726CA1A2000741524 /* FrequencyParser.swift in Sources */ = {isa = PBXBuildFile; fileRef = 030FFAA626CA1A2000741524 /* FrequencyParser.swift */; };
		032B122326BA02D8000E70CA /* InfoBrowseView.swift in Sources */ = {isa = PBXBuildFile; fileRef = 032B122226BA02D8000E70CA /* InfoBrowseView.swift */; };
		032B122726BB3FA0000E70CA /* ColorExtension.swift in Sources */ = {isa = PBXBuildFile; fileRef = 032B122626BB3FA0000E70CA /* ColorExtension.swift */; };
		032D267226BDF52100AE1BD1 /* InfoView.swift in Sources */ = {isa = PBXBuildFile; fileRef = 032D267126BDF52100AE1BD1 /* InfoView.swift */; };
		032D267426BDF5E000AE1BD1 /* TextView.swift in Sources */ = {isa = PBXBuildFile; fileRef = 032D267326BDF5E000AE1BD1 /* TextView.swift */; };
		032D267626C02FAB00AE1BD1 /* Fonts.swift in Sources */ = {isa = PBXBuildFile; fileRef = 032D267526C02FAB00AE1BD1 /* Fonts.swift */; };
		032D267826C0DD6200AE1BD1 /* WorkSans-SemiBold.ttf in Resources */ = {isa = PBXBuildFile; fileRef = 032D267726C0DD6200AE1BD1 /* WorkSans-SemiBold.ttf */; };
		032DBC48272F57A600D5804C /* ConjugationResult.swift in Sources */ = {isa = PBXBuildFile; fileRef = 032DBC47272F57A600D5804C /* ConjugationResult.swift */; };
		032DBC4B272F5CA400D5804C /* buzz.mp3 in Resources */ = {isa = PBXBuildFile; fileRef = 032DBC49272F5CA400D5804C /* buzz.mp3 */; };
		032DBC4C272F5CA400D5804C /* chirp.mp3 in Resources */ = {isa = PBXBuildFile; fileRef = 032DBC4A272F5CA400D5804C /* chirp.mp3 */; };
		03309F6626BC9C95003E4F92 /* Info.swift in Sources */ = {isa = PBXBuildFile; fileRef = 03309F6526BC9C95003E4F92 /* Info.swift */; };
		03309F6926BC9E72003E4F92 /* NSAttributedStringExtension.swift in Sources */ = {isa = PBXBuildFile; fileRef = 03309F6726BC9E72003E4F92 /* NSAttributedStringExtension.swift */; };
		03309F6A26BC9E72003E4F92 /* StringExtensions.swift in Sources */ = {isa = PBXBuildFile; fileRef = 03309F6826BC9E72003E4F92 /* StringExtensions.swift */; };
		03309F6C26BCA0B0003E4F92 /* UIFontExtension.swift in Sources */ = {isa = PBXBuildFile; fileRef = 03309F6B26BCA0B0003E4F92 /* UIFontExtension.swift */; };
		03309F7026BD8D10003E4F92 /* WorkSans-Bold.ttf in Resources */ = {isa = PBXBuildFile; fileRef = 03309F6F26BD8D10003E4F92 /* WorkSans-Bold.ttf */; };
		0339B50926F9053500F63ADC /* URLExtensions.swift in Sources */ = {isa = PBXBuildFile; fileRef = 0339B50826F9053500F63ADC /* URLExtensions.swift */; };
		033EAA182630A36B0055B313 /* WorkSans.ttf in Resources */ = {isa = PBXBuildFile; fileRef = 033EAA172630A36B0055B313 /* WorkSans.ttf */; };
		0343E7DF25E427890043B813 /* ModelView.swift in Sources */ = {isa = PBXBuildFile; fileRef = 0343E7DE25E427890043B813 /* ModelView.swift */; };
		035BC8DB2736E86F00EA13CA /* Layout.swift in Sources */ = {isa = PBXBuildFile; fileRef = 035BC8DA2736E86F00EA13CA /* Layout.swift */; };
		035BC8E12736EA3000EA13CA /* applause1.mp3 in Resources */ = {isa = PBXBuildFile; fileRef = 035BC8DC2736EA3000EA13CA /* applause1.mp3 */; };
		035BC8E22736EA3000EA13CA /* gun1.mp3 in Resources */ = {isa = PBXBuildFile; fileRef = 035BC8DD2736EA3000EA13CA /* gun1.mp3 */; };
		035BC8E32736EA3000EA13CA /* applause3.mp3 in Resources */ = {isa = PBXBuildFile; fileRef = 035BC8DE2736EA3000EA13CA /* applause3.mp3 */; };
		035BC8E42736EA3000EA13CA /* applause2.mp3 in Resources */ = {isa = PBXBuildFile; fileRef = 035BC8DF2736EA3000EA13CA /* applause2.mp3 */; };
		035BC8E52736EA3000EA13CA /* gun2.mp3 in Resources */ = {isa = PBXBuildFile; fileRef = 035BC8E02736EA3000EA13CA /* gun2.mp3 */; };
		035BC8E72736F14600EA13CA /* silence.mp3 in Resources */ = {isa = PBXBuildFile; fileRef = 035BC8E62736F14600EA13CA /* silence.mp3 */; };
		035BC8E92737235C00EA13CA /* QuizDifficulty.swift in Sources */ = {isa = PBXBuildFile; fileRef = 035BC8E82737235C00EA13CA /* QuizDifficulty.swift */; };
		035BC8EC2737346D00EA13CA /* sadTrombone2.mp3 in Resources */ = {isa = PBXBuildFile; fileRef = 035BC8EA2737346D00EA13CA /* sadTrombone2.mp3 */; };
		035BC8ED2737346D00EA13CA /* sadTrombone3.mp3 in Resources */ = {isa = PBXBuildFile; fileRef = 035BC8EB2737346D00EA13CA /* sadTrombone3.mp3 */; };
		035BC8EF273736A700EA13CA /* sadTrombone4.mp3 in Resources */ = {isa = PBXBuildFile; fileRef = 035BC8EE273736A700EA13CA /* sadTrombone4.mp3 */; };
		035BC8F127376D3C00EA13CA /* PronounGender.swift in Sources */ = {isa = PBXBuildFile; fileRef = 035BC8F027376D3C00EA13CA /* PronounGender.swift */; };
		035BC8F327387B7D00EA13CA /* QuizResultsView.swift in Sources */ = {isa = PBXBuildFile; fileRef = 035BC8F227387B7D00EA13CA /* QuizResultsView.swift */; };
		035BC8F5273897C200EA13CA /* DoubleExtension.swift in Sources */ = {isa = PBXBuildFile; fileRef = 035BC8F4273897C200EA13CA /* DoubleExtension.swift */; };
		035BC8F72738A4F900EA13CA /* IntExtension.swift in Sources */ = {isa = PBXBuildFile; fileRef = 035BC8F62738A4F900EA13CA /* IntExtension.swift */; };
		035BC8F92739BC7C00EA13CA /* QuizResultView.swift in Sources */ = {isa = PBXBuildFile; fileRef = 035BC8F82739BC7C00EA13CA /* QuizResultView.swift */; };
		035BC8FB2739C1DC00EA13CA /* QuizResult.swift in Sources */ = {isa = PBXBuildFile; fileRef = 035BC8FA2739C1DC00EA13CA /* QuizResult.swift */; };
		035D979726B74C820089083C /* L.swift in Sources */ = {isa = PBXBuildFile; fileRef = 035D979626B74C820089083C /* L.swift */; };
		035D979A26B74D6C0089083C /* Localizable.strings in Resources */ = {isa = PBXBuildFile; fileRef = 035D979C26B74D6C0089083C /* Localizable.strings */; };
		03653F0325EC4F5A00A34267 /* Modifiers.swift in Sources */ = {isa = PBXBuildFile; fileRef = 03653F0225EC4F5A00A34267 /* Modifiers.swift */; };
		03653F1025EC67DF00A34267 /* VerbView.swift in Sources */ = {isa = PBXBuildFile; fileRef = 03653F0F25EC67DF00A34267 /* VerbView.swift */; };
		036A993027138ACD00C6C984 /* QuizVerbs.swift in Sources */ = {isa = PBXBuildFile; fileRef = 036A992F27138ACD00C6C984 /* QuizVerbs.swift */; };
		036A9932271B8AF700C6C984 /* Quiz.swift in Sources */ = {isa = PBXBuildFile; fileRef = 036A9931271B8AF700C6C984 /* Quiz.swift */; };
		036A99342726144600C6C984 /* QuizState.swift in Sources */ = {isa = PBXBuildFile; fileRef = 036A99332726144600C6C984 /* QuizState.swift */; };
		036A99362726166F00C6C984 /* GameCenterable.swift in Sources */ = {isa = PBXBuildFile; fileRef = 036A99352726166F00C6C984 /* GameCenterable.swift */; };
		036A99382726168900C6C984 /* TestGameCenter.swift in Sources */ = {isa = PBXBuildFile; fileRef = 036A99372726168900C6C984 /* TestGameCenter.swift */; };
		036DB78E259FD6500013C3B7 /* ConjuguerApp.swift in Sources */ = {isa = PBXBuildFile; fileRef = 036DB78D259FD6500013C3B7 /* ConjuguerApp.swift */; };
		036DB790259FD6500013C3B7 /* InputView.swift in Sources */ = {isa = PBXBuildFile; fileRef = 036DB78F259FD6500013C3B7 /* InputView.swift */; };
		036DB792259FD6510013C3B7 /* Assets.xcassets in Resources */ = {isa = PBXBuildFile; fileRef = 036DB791259FD6510013C3B7 /* Assets.xcassets */; };
		036DB795259FD6510013C3B7 /* Preview Assets.xcassets in Resources */ = {isa = PBXBuildFile; fileRef = 036DB794259FD6510013C3B7 /* Preview Assets.xcassets */; };
		036DB7A0259FD6510013C3B7 /* CompoundTenseTests.swift in Sources */ = {isa = PBXBuildFile; fileRef = 036DB79F259FD6510013C3B7 /* CompoundTenseTests.swift */; };
		036DB7BE259FD67C0013C3B7 /* VerbModel.swift in Sources */ = {isa = PBXBuildFile; fileRef = 036DB7BB259FD67C0013C3B7 /* VerbModel.swift */; };
		036DB7BF259FD67C0013C3B7 /* VerbParser.swift in Sources */ = {isa = PBXBuildFile; fileRef = 036DB7BC259FD67C0013C3B7 /* VerbParser.swift */; };
		036DB7C0259FD67C0013C3B7 /* verbs.xml in Resources */ = {isa = PBXBuildFile; fileRef = 036DB7BD259FD67C0013C3B7 /* verbs.xml */; };
		036DB7D125A0C9F10013C3B7 /* Conjugator.swift in Sources */ = {isa = PBXBuildFile; fileRef = 036DB7D025A0C9F10013C3B7 /* Conjugator.swift */; };
		036DB7DF25A0DD7A0013C3B7 /* Verb.swift in Sources */ = {isa = PBXBuildFile; fileRef = 036DB7DE25A0DD7A0013C3B7 /* Verb.swift */; };
		036DB7E425A0DD9B0013C3B7 /* StemAlteration.swift in Sources */ = {isa = PBXBuildFile; fileRef = 036DB7E325A0DD9B0013C3B7 /* StemAlteration.swift */; };
		036DB7ED25A1070D0013C3B7 /* Tense.swift in Sources */ = {isa = PBXBuildFile; fileRef = 036DB7EB25A1070D0013C3B7 /* Tense.swift */; };
		036DB7EE25A1070D0013C3B7 /* PersonNumber.swift in Sources */ = {isa = PBXBuildFile; fileRef = 036DB7EC25A1070D0013C3B7 /* PersonNumber.swift */; };
		036DB7F325A12B990013C3B7 /* Auxiliary.swift in Sources */ = {isa = PBXBuildFile; fileRef = 036DB7F225A12B990013C3B7 /* Auxiliary.swift */; };
		036DB7FB25A13C110013C3B7 /* ConjugatorError.swift in Sources */ = {isa = PBXBuildFile; fileRef = 036DB7FA25A13C110013C3B7 /* ConjugatorError.swift */; };
		036DB80025A37ECB0013C3B7 /* verbModels.xml in Resources */ = {isa = PBXBuildFile; fileRef = 036DB7FF25A37ECB0013C3B7 /* verbModels.xml */; };
		036DB80525A386D60013C3B7 /* VerbModelParser.swift in Sources */ = {isa = PBXBuildFile; fileRef = 036DB80425A386D60013C3B7 /* VerbModelParser.swift */; };
		036DB81025A6C7900013C3B7 /* PasseSimpleGroup.swift in Sources */ = {isa = PBXBuildFile; fileRef = 036DB80F25A6C7900013C3B7 /* PasseSimpleGroup.swift */; };
		036DB81825A8C9420013C3B7 /* IndicatifPresentGroup.swift in Sources */ = {isa = PBXBuildFile; fileRef = 036DB81725A8C9420013C3B7 /* IndicatifPresentGroup.swift */; };
		036E4D102735CA7C00A52973 /* LaunchScreen.storyboard in Resources */ = {isa = PBXBuildFile; fileRef = 036E4D0F2735CA7C00A52973 /* LaunchScreen.storyboard */; };
		037367FF25D5C3EB008BDF46 /* ConjugationText.swift in Sources */ = {isa = PBXBuildFile; fileRef = 037367FE25D5C3EB008BDF46 /* ConjugationText.swift */; };
		0373680E25DB811F008BDF46 /* MainTabView.swift in Sources */ = {isa = PBXBuildFile; fileRef = 0373680D25DB811F008BDF46 /* MainTabView.swift */; };
		0373681625DB8530008BDF46 /* VerbBrowseView.swift in Sources */ = {isa = PBXBuildFile; fileRef = 0373681525DB8530008BDF46 /* VerbBrowseView.swift */; };
		0373681B25DB8BAD008BDF46 /* Util.swift in Sources */ = {isa = PBXBuildFile; fileRef = 0373681A25DB8BAD008BDF46 /* Util.swift */; };
		0373682025DC6502008BDF46 /* World.swift in Sources */ = {isa = PBXBuildFile; fileRef = 0373681F25DC6502008BDF46 /* World.swift */; };
		0373682525DC65B2008BDF46 /* Settings.swift in Sources */ = {isa = PBXBuildFile; fileRef = 0373682425DC65B2008BDF46 /* Settings.swift */; };
		0373682A25DC667B008BDF46 /* VerbSort.swift in Sources */ = {isa = PBXBuildFile; fileRef = 0373682925DC667B008BDF46 /* VerbSort.swift */; };
		0373683125DC672F008BDF46 /* GetterSetter.swift in Sources */ = {isa = PBXBuildFile; fileRef = 0373682E25DC672F008BDF46 /* GetterSetter.swift */; };
		0373683225DC672F008BDF46 /* UserDefaultsGetterSetter.swift in Sources */ = {isa = PBXBuildFile; fileRef = 0373682F25DC672F008BDF46 /* UserDefaultsGetterSetter.swift */; };
		0373683325DC672F008BDF46 /* DictionaryGetterSetter.swift in Sources */ = {isa = PBXBuildFile; fileRef = 0373683025DC672F008BDF46 /* DictionaryGetterSetter.swift */; };
		0373683E25DD79A4008BDF46 /* ModelSort.swift in Sources */ = {isa = PBXBuildFile; fileRef = 0373683D25DD79A4008BDF46 /* ModelSort.swift */; };
		0373684525DD809C008BDF46 /* ModelBrowseView.swift in Sources */ = {isa = PBXBuildFile; fileRef = 0373684425DD809C008BDF46 /* ModelBrowseView.swift */; };
		038E0AF9268D0E02002A71EF /* defectGroups.xml in Resources */ = {isa = PBXBuildFile; fileRef = 038E0AF8268D0E02002A71EF /* defectGroups.xml */; };
		038E0AFE2690976D002A71EF /* DefectGroup.swift in Sources */ = {isa = PBXBuildFile; fileRef = 038E0AFD2690976D002A71EF /* DefectGroup.swift */; };
		038E0B032690A016002A71EF /* DefectGroupParser.swift in Sources */ = {isa = PBXBuildFile; fileRef = 038E0B022690A016002A71EF /* DefectGroupParser.swift */; };
		03ACA9F725A9FD4400CF5390 /* Imparfait.swift in Sources */ = {isa = PBXBuildFile; fileRef = 03ACA9F625A9FD4400CF5390 /* Imparfait.swift */; };
		03ACA9FC25AA5D4700CF5390 /* SubjonctifPresentGroup.swift in Sources */ = {isa = PBXBuildFile; fileRef = 03ACA9FB25AA5D4700CF5390 /* SubjonctifPresentGroup.swift */; };
		03ACAA0125ACB65300CF5390 /* FuturSimple.swift in Sources */ = {isa = PBXBuildFile; fileRef = 03ACAA0025ACB65300CF5390 /* FuturSimple.swift */; };
		03ACAA0625ACB6B900CF5390 /* ConditionnelPresent.swift in Sources */ = {isa = PBXBuildFile; fileRef = 03ACAA0525ACB6B900CF5390 /* ConditionnelPresent.swift */; };
		03B54B3E25AF914F0062B323 /* TestUtils.swift in Sources */ = {isa = PBXBuildFile; fileRef = 03B54B3D25AF914F0062B323 /* TestUtils.swift */; };
		03B54B4625AF92930062B323 /* VerbModelTests.swift in Sources */ = {isa = PBXBuildFile; fileRef = 03B54B4525AF92930062B323 /* VerbModelTests.swift */; };
		03C2CAC52619125200CFA825 /* SoundPlayer.swift in Sources */ = {isa = PBXBuildFile; fileRef = 03C2CAC32619125200CFA825 /* SoundPlayer.swift */; };
		03C2CAC62619125200CFA825 /* Sound.swift in Sources */ = {isa = PBXBuildFile; fileRef = 03C2CAC42619125200CFA825 /* Sound.swift */; };
		03C2CACE261912EA00CFA825 /* sadTrombone1.mp3 in Resources */ = {isa = PBXBuildFile; fileRef = 03C2CACC261912EA00CFA825 /* sadTrombone1.mp3 */; };
		03C2CAD62619160C00CFA825 /* chime.mp3 in Resources */ = {isa = PBXBuildFile; fileRef = 03C2CAD52619160C00CFA825 /* chime.mp3 */; };
		03FA474827060D2000131205 /* QuizView.swift in Sources */ = {isa = PBXBuildFile; fileRef = 03FA474727060D2000131205 /* QuizView.swift */; };
		03FA474A27060D6C00131205 /* SettingsView.swift in Sources */ = {isa = PBXBuildFile; fileRef = 03FA474927060D6C00131205 /* SettingsView.swift */; };
/* End PBXBuildFile section */

/* Begin PBXContainerItemProxy section */
		036DB79C259FD6510013C3B7 /* PBXContainerItemProxy */ = {
			isa = PBXContainerItemProxy;
			containerPortal = 036DB782259FD6500013C3B7 /* Project object */;
			proxyType = 1;
			remoteGlobalIDString = 036DB789259FD6500013C3B7;
			remoteInfo = Conjuguer;
		};
/* End PBXContainerItemProxy section */

/* Begin PBXFileReference section */
		030FFAA426CA19CB00741524 /* frequencies.xml */ = {isa = PBXFileReference; fileEncoding = 4; lastKnownFileType = text.xml; path = frequencies.xml; sourceTree = "<group>"; };
		030FFAA626CA1A2000741524 /* FrequencyParser.swift */ = {isa = PBXFileReference; lastKnownFileType = sourcecode.swift; path = FrequencyParser.swift; sourceTree = "<group>"; };
		032B122226BA02D8000E70CA /* InfoBrowseView.swift */ = {isa = PBXFileReference; lastKnownFileType = sourcecode.swift; path = InfoBrowseView.swift; sourceTree = "<group>"; };
		032B122626BB3FA0000E70CA /* ColorExtension.swift */ = {isa = PBXFileReference; lastKnownFileType = sourcecode.swift; path = ColorExtension.swift; sourceTree = "<group>"; };
		032D267126BDF52100AE1BD1 /* InfoView.swift */ = {isa = PBXFileReference; lastKnownFileType = sourcecode.swift; path = InfoView.swift; sourceTree = "<group>"; };
		032D267326BDF5E000AE1BD1 /* TextView.swift */ = {isa = PBXFileReference; fileEncoding = 4; lastKnownFileType = sourcecode.swift; path = TextView.swift; sourceTree = "<group>"; };
		032D267526C02FAB00AE1BD1 /* Fonts.swift */ = {isa = PBXFileReference; lastKnownFileType = sourcecode.swift; path = Fonts.swift; sourceTree = "<group>"; };
		032D267726C0DD6200AE1BD1 /* WorkSans-SemiBold.ttf */ = {isa = PBXFileReference; lastKnownFileType = file; path = "WorkSans-SemiBold.ttf"; sourceTree = "<group>"; };
		032DBC47272F57A600D5804C /* ConjugationResult.swift */ = {isa = PBXFileReference; lastKnownFileType = sourcecode.swift; path = ConjugationResult.swift; sourceTree = "<group>"; };
		032DBC49272F5CA400D5804C /* buzz.mp3 */ = {isa = PBXFileReference; lastKnownFileType = audio.mp3; path = buzz.mp3; sourceTree = "<group>"; };
		032DBC4A272F5CA400D5804C /* chirp.mp3 */ = {isa = PBXFileReference; lastKnownFileType = audio.mp3; path = chirp.mp3; sourceTree = "<group>"; };
		03309F6526BC9C95003E4F92 /* Info.swift */ = {isa = PBXFileReference; lastKnownFileType = sourcecode.swift; path = Info.swift; sourceTree = "<group>"; };
		03309F6726BC9E72003E4F92 /* NSAttributedStringExtension.swift */ = {isa = PBXFileReference; fileEncoding = 4; lastKnownFileType = sourcecode.swift; path = NSAttributedStringExtension.swift; sourceTree = "<group>"; };
		03309F6826BC9E72003E4F92 /* StringExtensions.swift */ = {isa = PBXFileReference; fileEncoding = 4; lastKnownFileType = sourcecode.swift; path = StringExtensions.swift; sourceTree = "<group>"; };
		03309F6B26BCA0B0003E4F92 /* UIFontExtension.swift */ = {isa = PBXFileReference; lastKnownFileType = sourcecode.swift; path = UIFontExtension.swift; sourceTree = "<group>"; };
		03309F6F26BD8D10003E4F92 /* WorkSans-Bold.ttf */ = {isa = PBXFileReference; lastKnownFileType = file; path = "WorkSans-Bold.ttf"; sourceTree = "<group>"; };
		0339B50826F9053500F63ADC /* URLExtensions.swift */ = {isa = PBXFileReference; lastKnownFileType = sourcecode.swift; path = URLExtensions.swift; sourceTree = "<group>"; };
		033EAA172630A36B0055B313 /* WorkSans.ttf */ = {isa = PBXFileReference; lastKnownFileType = file; path = WorkSans.ttf; sourceTree = "<group>"; };
		0343E7DE25E427890043B813 /* ModelView.swift */ = {isa = PBXFileReference; lastKnownFileType = sourcecode.swift; path = ModelView.swift; sourceTree = "<group>"; };
		035BC8DA2736E86F00EA13CA /* Layout.swift */ = {isa = PBXFileReference; lastKnownFileType = sourcecode.swift; path = Layout.swift; sourceTree = "<group>"; };
		035BC8DC2736EA3000EA13CA /* applause1.mp3 */ = {isa = PBXFileReference; lastKnownFileType = audio.mp3; path = applause1.mp3; sourceTree = "<group>"; };
		035BC8DD2736EA3000EA13CA /* gun1.mp3 */ = {isa = PBXFileReference; lastKnownFileType = audio.mp3; path = gun1.mp3; sourceTree = "<group>"; };
		035BC8DE2736EA3000EA13CA /* applause3.mp3 */ = {isa = PBXFileReference; lastKnownFileType = audio.mp3; path = applause3.mp3; sourceTree = "<group>"; };
		035BC8DF2736EA3000EA13CA /* applause2.mp3 */ = {isa = PBXFileReference; lastKnownFileType = audio.mp3; path = applause2.mp3; sourceTree = "<group>"; };
		035BC8E02736EA3000EA13CA /* gun2.mp3 */ = {isa = PBXFileReference; lastKnownFileType = audio.mp3; path = gun2.mp3; sourceTree = "<group>"; };
		035BC8E62736F14600EA13CA /* silence.mp3 */ = {isa = PBXFileReference; lastKnownFileType = audio.mp3; path = silence.mp3; sourceTree = "<group>"; };
		035BC8E82737235C00EA13CA /* QuizDifficulty.swift */ = {isa = PBXFileReference; lastKnownFileType = sourcecode.swift; path = QuizDifficulty.swift; sourceTree = "<group>"; };
		035BC8EA2737346D00EA13CA /* sadTrombone2.mp3 */ = {isa = PBXFileReference; lastKnownFileType = audio.mp3; path = sadTrombone2.mp3; sourceTree = "<group>"; };
		035BC8EB2737346D00EA13CA /* sadTrombone3.mp3 */ = {isa = PBXFileReference; lastKnownFileType = audio.mp3; path = sadTrombone3.mp3; sourceTree = "<group>"; };
		035BC8EE273736A700EA13CA /* sadTrombone4.mp3 */ = {isa = PBXFileReference; lastKnownFileType = audio.mp3; path = sadTrombone4.mp3; sourceTree = "<group>"; };
		035BC8F027376D3C00EA13CA /* PronounGender.swift */ = {isa = PBXFileReference; lastKnownFileType = sourcecode.swift; path = PronounGender.swift; sourceTree = "<group>"; };
		035BC8F227387B7D00EA13CA /* QuizResultsView.swift */ = {isa = PBXFileReference; lastKnownFileType = sourcecode.swift; path = QuizResultsView.swift; sourceTree = "<group>"; };
		035BC8F4273897C200EA13CA /* DoubleExtension.swift */ = {isa = PBXFileReference; lastKnownFileType = sourcecode.swift; path = DoubleExtension.swift; sourceTree = "<group>"; };
		035BC8F62738A4F900EA13CA /* IntExtension.swift */ = {isa = PBXFileReference; lastKnownFileType = sourcecode.swift; path = IntExtension.swift; sourceTree = "<group>"; };
		035BC8F82739BC7C00EA13CA /* QuizResultView.swift */ = {isa = PBXFileReference; lastKnownFileType = sourcecode.swift; path = QuizResultView.swift; sourceTree = "<group>"; };
		035BC8FA2739C1DC00EA13CA /* QuizResult.swift */ = {isa = PBXFileReference; lastKnownFileType = sourcecode.swift; path = QuizResult.swift; sourceTree = "<group>"; };
		035D979626B74C820089083C /* L.swift */ = {isa = PBXFileReference; lastKnownFileType = sourcecode.swift; path = L.swift; sourceTree = "<group>"; };
		035D979B26B74D6C0089083C /* en */ = {isa = PBXFileReference; lastKnownFileType = text.plist.strings; name = en; path = en.lproj/Localizable.strings; sourceTree = "<group>"; };
		035D979D26B74D730089083C /* fr */ = {isa = PBXFileReference; lastKnownFileType = text.plist.strings; name = fr; path = fr.lproj/Localizable.strings; sourceTree = "<group>"; };
		03653F0225EC4F5A00A34267 /* Modifiers.swift */ = {isa = PBXFileReference; lastKnownFileType = sourcecode.swift; path = Modifiers.swift; sourceTree = "<group>"; };
		03653F0F25EC67DF00A34267 /* VerbView.swift */ = {isa = PBXFileReference; lastKnownFileType = sourcecode.swift; path = VerbView.swift; sourceTree = "<group>"; };
		036A992F27138ACD00C6C984 /* QuizVerbs.swift */ = {isa = PBXFileReference; lastKnownFileType = sourcecode.swift; path = QuizVerbs.swift; sourceTree = "<group>"; };
		036A9931271B8AF700C6C984 /* Quiz.swift */ = {isa = PBXFileReference; lastKnownFileType = sourcecode.swift; path = Quiz.swift; sourceTree = "<group>"; };
		036A99332726144600C6C984 /* QuizState.swift */ = {isa = PBXFileReference; lastKnownFileType = sourcecode.swift; path = QuizState.swift; sourceTree = "<group>"; };
		036A99352726166F00C6C984 /* GameCenterable.swift */ = {isa = PBXFileReference; lastKnownFileType = sourcecode.swift; path = GameCenterable.swift; sourceTree = "<group>"; };
		036A99372726168900C6C984 /* TestGameCenter.swift */ = {isa = PBXFileReference; lastKnownFileType = sourcecode.swift; path = TestGameCenter.swift; sourceTree = "<group>"; };
		036DB78A259FD6500013C3B7 /* Conjuguer.app */ = {isa = PBXFileReference; explicitFileType = wrapper.application; includeInIndex = 0; path = Conjuguer.app; sourceTree = BUILT_PRODUCTS_DIR; };
		036DB78D259FD6500013C3B7 /* ConjuguerApp.swift */ = {isa = PBXFileReference; lastKnownFileType = sourcecode.swift; path = ConjuguerApp.swift; sourceTree = "<group>"; };
		036DB78F259FD6500013C3B7 /* InputView.swift */ = {isa = PBXFileReference; lastKnownFileType = sourcecode.swift; path = InputView.swift; sourceTree = "<group>"; };
		036DB791259FD6510013C3B7 /* Assets.xcassets */ = {isa = PBXFileReference; lastKnownFileType = folder.assetcatalog; path = Assets.xcassets; sourceTree = "<group>"; };
		036DB794259FD6510013C3B7 /* Preview Assets.xcassets */ = {isa = PBXFileReference; lastKnownFileType = folder.assetcatalog; path = "Preview Assets.xcassets"; sourceTree = "<group>"; };
		036DB796259FD6510013C3B7 /* Info.plist */ = {isa = PBXFileReference; lastKnownFileType = text.plist.xml; path = Info.plist; sourceTree = "<group>"; };
		036DB79B259FD6510013C3B7 /* ConjuguerTests.xctest */ = {isa = PBXFileReference; explicitFileType = wrapper.cfbundle; includeInIndex = 0; path = ConjuguerTests.xctest; sourceTree = BUILT_PRODUCTS_DIR; };
		036DB79F259FD6510013C3B7 /* CompoundTenseTests.swift */ = {isa = PBXFileReference; lastKnownFileType = sourcecode.swift; path = CompoundTenseTests.swift; sourceTree = "<group>"; };
		036DB7A1259FD6510013C3B7 /* Info.plist */ = {isa = PBXFileReference; lastKnownFileType = text.plist.xml; path = Info.plist; sourceTree = "<group>"; };
		036DB7BB259FD67C0013C3B7 /* VerbModel.swift */ = {isa = PBXFileReference; fileEncoding = 4; lastKnownFileType = sourcecode.swift; path = VerbModel.swift; sourceTree = "<group>"; };
		036DB7BC259FD67C0013C3B7 /* VerbParser.swift */ = {isa = PBXFileReference; fileEncoding = 4; lastKnownFileType = sourcecode.swift; path = VerbParser.swift; sourceTree = "<group>"; };
		036DB7BD259FD67C0013C3B7 /* verbs.xml */ = {isa = PBXFileReference; fileEncoding = 4; lastKnownFileType = text.xml; path = verbs.xml; sourceTree = "<group>"; };
		036DB7D025A0C9F10013C3B7 /* Conjugator.swift */ = {isa = PBXFileReference; lastKnownFileType = sourcecode.swift; path = Conjugator.swift; sourceTree = "<group>"; };
		036DB7DE25A0DD7A0013C3B7 /* Verb.swift */ = {isa = PBXFileReference; lastKnownFileType = sourcecode.swift; path = Verb.swift; sourceTree = "<group>"; };
		036DB7E325A0DD9B0013C3B7 /* StemAlteration.swift */ = {isa = PBXFileReference; lastKnownFileType = sourcecode.swift; path = StemAlteration.swift; sourceTree = "<group>"; };
		036DB7EB25A1070D0013C3B7 /* Tense.swift */ = {isa = PBXFileReference; fileEncoding = 4; lastKnownFileType = sourcecode.swift; path = Tense.swift; sourceTree = "<group>"; };
		036DB7EC25A1070D0013C3B7 /* PersonNumber.swift */ = {isa = PBXFileReference; fileEncoding = 4; lastKnownFileType = sourcecode.swift; path = PersonNumber.swift; sourceTree = "<group>"; };
		036DB7F225A12B990013C3B7 /* Auxiliary.swift */ = {isa = PBXFileReference; lastKnownFileType = sourcecode.swift; path = Auxiliary.swift; sourceTree = "<group>"; };
		036DB7FA25A13C110013C3B7 /* ConjugatorError.swift */ = {isa = PBXFileReference; lastKnownFileType = sourcecode.swift; path = ConjugatorError.swift; sourceTree = "<group>"; };
		036DB7FF25A37ECB0013C3B7 /* verbModels.xml */ = {isa = PBXFileReference; lastKnownFileType = text.xml; path = verbModels.xml; sourceTree = "<group>"; };
		036DB80425A386D60013C3B7 /* VerbModelParser.swift */ = {isa = PBXFileReference; lastKnownFileType = sourcecode.swift; path = VerbModelParser.swift; sourceTree = "<group>"; };
		036DB80F25A6C7900013C3B7 /* PasseSimpleGroup.swift */ = {isa = PBXFileReference; lastKnownFileType = sourcecode.swift; path = PasseSimpleGroup.swift; sourceTree = "<group>"; };
		036DB81725A8C9420013C3B7 /* IndicatifPresentGroup.swift */ = {isa = PBXFileReference; lastKnownFileType = sourcecode.swift; path = IndicatifPresentGroup.swift; sourceTree = "<group>"; };
		036E4D0F2735CA7C00A52973 /* LaunchScreen.storyboard */ = {isa = PBXFileReference; lastKnownFileType = file.storyboard; path = LaunchScreen.storyboard; sourceTree = "<group>"; };
		037367FE25D5C3EB008BDF46 /* ConjugationText.swift */ = {isa = PBXFileReference; lastKnownFileType = sourcecode.swift; path = ConjugationText.swift; sourceTree = "<group>"; };
		0373680D25DB811F008BDF46 /* MainTabView.swift */ = {isa = PBXFileReference; lastKnownFileType = sourcecode.swift; path = MainTabView.swift; sourceTree = "<group>"; };
		0373681525DB8530008BDF46 /* VerbBrowseView.swift */ = {isa = PBXFileReference; lastKnownFileType = sourcecode.swift; path = VerbBrowseView.swift; sourceTree = "<group>"; };
		0373681A25DB8BAD008BDF46 /* Util.swift */ = {isa = PBXFileReference; lastKnownFileType = sourcecode.swift; path = Util.swift; sourceTree = "<group>"; };
		0373681F25DC6502008BDF46 /* World.swift */ = {isa = PBXFileReference; lastKnownFileType = sourcecode.swift; path = World.swift; sourceTree = "<group>"; };
		0373682425DC65B2008BDF46 /* Settings.swift */ = {isa = PBXFileReference; lastKnownFileType = sourcecode.swift; path = Settings.swift; sourceTree = "<group>"; };
		0373682925DC667B008BDF46 /* VerbSort.swift */ = {isa = PBXFileReference; lastKnownFileType = sourcecode.swift; path = VerbSort.swift; sourceTree = "<group>"; };
		0373682E25DC672F008BDF46 /* GetterSetter.swift */ = {isa = PBXFileReference; fileEncoding = 4; lastKnownFileType = sourcecode.swift; path = GetterSetter.swift; sourceTree = "<group>"; };
		0373682F25DC672F008BDF46 /* UserDefaultsGetterSetter.swift */ = {isa = PBXFileReference; fileEncoding = 4; lastKnownFileType = sourcecode.swift; path = UserDefaultsGetterSetter.swift; sourceTree = "<group>"; };
		0373683025DC672F008BDF46 /* DictionaryGetterSetter.swift */ = {isa = PBXFileReference; fileEncoding = 4; lastKnownFileType = sourcecode.swift; path = DictionaryGetterSetter.swift; sourceTree = "<group>"; };
		0373683D25DD79A4008BDF46 /* ModelSort.swift */ = {isa = PBXFileReference; lastKnownFileType = sourcecode.swift; path = ModelSort.swift; sourceTree = "<group>"; };
		0373684425DD809C008BDF46 /* ModelBrowseView.swift */ = {isa = PBXFileReference; lastKnownFileType = sourcecode.swift; path = ModelBrowseView.swift; sourceTree = "<group>"; };
		038E0AF8268D0E02002A71EF /* defectGroups.xml */ = {isa = PBXFileReference; lastKnownFileType = text.xml; path = defectGroups.xml; sourceTree = "<group>"; };
		038E0AFD2690976D002A71EF /* DefectGroup.swift */ = {isa = PBXFileReference; lastKnownFileType = sourcecode.swift; path = DefectGroup.swift; sourceTree = "<group>"; };
		038E0B022690A016002A71EF /* DefectGroupParser.swift */ = {isa = PBXFileReference; lastKnownFileType = sourcecode.swift; path = DefectGroupParser.swift; sourceTree = "<group>"; };
		03ACA9F625A9FD4400CF5390 /* Imparfait.swift */ = {isa = PBXFileReference; lastKnownFileType = sourcecode.swift; path = Imparfait.swift; sourceTree = "<group>"; };
		03ACA9FB25AA5D4700CF5390 /* SubjonctifPresentGroup.swift */ = {isa = PBXFileReference; lastKnownFileType = sourcecode.swift; path = SubjonctifPresentGroup.swift; sourceTree = "<group>"; };
		03ACAA0025ACB65300CF5390 /* FuturSimple.swift */ = {isa = PBXFileReference; lastKnownFileType = sourcecode.swift; path = FuturSimple.swift; sourceTree = "<group>"; };
		03ACAA0525ACB6B900CF5390 /* ConditionnelPresent.swift */ = {isa = PBXFileReference; lastKnownFileType = sourcecode.swift; path = ConditionnelPresent.swift; sourceTree = "<group>"; };
		03B54B3D25AF914F0062B323 /* TestUtils.swift */ = {isa = PBXFileReference; lastKnownFileType = sourcecode.swift; path = TestUtils.swift; sourceTree = "<group>"; };
		03B54B4525AF92930062B323 /* VerbModelTests.swift */ = {isa = PBXFileReference; lastKnownFileType = sourcecode.swift; path = VerbModelTests.swift; sourceTree = "<group>"; };
		03C2CAC32619125200CFA825 /* SoundPlayer.swift */ = {isa = PBXFileReference; fileEncoding = 4; lastKnownFileType = sourcecode.swift; path = SoundPlayer.swift; sourceTree = "<group>"; };
		03C2CAC42619125200CFA825 /* Sound.swift */ = {isa = PBXFileReference; fileEncoding = 4; lastKnownFileType = sourcecode.swift; path = Sound.swift; sourceTree = "<group>"; };
		03C2CACC261912EA00CFA825 /* sadTrombone1.mp3 */ = {isa = PBXFileReference; lastKnownFileType = audio.mp3; path = sadTrombone1.mp3; sourceTree = "<group>"; };
		03C2CAD52619160C00CFA825 /* chime.mp3 */ = {isa = PBXFileReference; lastKnownFileType = audio.mp3; path = chime.mp3; sourceTree = "<group>"; };
		03FA474727060D2000131205 /* QuizView.swift */ = {isa = PBXFileReference; lastKnownFileType = sourcecode.swift; path = QuizView.swift; sourceTree = "<group>"; };
		03FA474927060D6C00131205 /* SettingsView.swift */ = {isa = PBXFileReference; lastKnownFileType = sourcecode.swift; path = SettingsView.swift; sourceTree = "<group>"; };
/* End PBXFileReference section */

/* Begin PBXFrameworksBuildPhase section */
		036DB787259FD6500013C3B7 /* Frameworks */ = {
			isa = PBXFrameworksBuildPhase;
			buildActionMask = 2147483647;
			files = (
			);
			runOnlyForDeploymentPostprocessing = 0;
		};
		036DB798259FD6510013C3B7 /* Frameworks */ = {
			isa = PBXFrameworksBuildPhase;
			buildActionMask = 2147483647;
			files = (
			);
			runOnlyForDeploymentPostprocessing = 0;
		};
/* End PBXFrameworksBuildPhase section */

/* Begin PBXGroup section */
		032DBC4D272F5CB400D5804C /* Sounds */ = {
			isa = PBXGroup;
			children = (
				035BC8DC2736EA3000EA13CA /* applause1.mp3 */,
				035BC8DF2736EA3000EA13CA /* applause2.mp3 */,
				035BC8DE2736EA3000EA13CA /* applause3.mp3 */,
				032DBC49272F5CA400D5804C /* buzz.mp3 */,
				03C2CAD52619160C00CFA825 /* chime.mp3 */,
				032DBC4A272F5CA400D5804C /* chirp.mp3 */,
				035BC8DD2736EA3000EA13CA /* gun1.mp3 */,
				035BC8E02736EA3000EA13CA /* gun2.mp3 */,
				03C2CACC261912EA00CFA825 /* sadTrombone1.mp3 */,
				035BC8EA2737346D00EA13CA /* sadTrombone2.mp3 */,
				035BC8EB2737346D00EA13CA /* sadTrombone3.mp3 */,
				035BC8EE273736A700EA13CA /* sadTrombone4.mp3 */,
				035BC8E62736F14600EA13CA /* silence.mp3 */,
			);
			path = Sounds;
			sourceTree = "<group>";
		};
		036DB781259FD6500013C3B7 = {
			isa = PBXGroup;
			children = (
				036DB78C259FD6500013C3B7 /* Conjuguer */,
				036DB79E259FD6510013C3B7 /* ConjuguerTests */,
				036DB78B259FD6500013C3B7 /* Products */,
			);
			sourceTree = "<group>";
		};
		036DB78B259FD6500013C3B7 /* Products */ = {
			isa = PBXGroup;
			children = (
				036DB78A259FD6500013C3B7 /* Conjuguer.app */,
				036DB79B259FD6510013C3B7 /* ConjuguerTests.xctest */,
			);
			name = Products;
			sourceTree = "<group>";
		};
		036DB78C259FD6500013C3B7 /* Conjuguer */ = {
			isa = PBXGroup;
			children = (
				036DB7CC25A0C9AF0013C3B7 /* App */,
				03C2CACA261912AA00CFA825 /* Assets */,
				036DB796259FD6510013C3B7 /* Info.plist */,
				036DB7CB25A0C97F0013C3B7 /* Models */,
				037367FD25D5C3C9008BDF46 /* Utils */,
				0373680C25DB80DA008BDF46 /* Views */,
			);
			path = Conjuguer;
			sourceTree = "<group>";
		};
		036DB793259FD6510013C3B7 /* Preview Content */ = {
			isa = PBXGroup;
			children = (
				036DB794259FD6510013C3B7 /* Preview Assets.xcassets */,
			);
			path = "Preview Content";
			sourceTree = "<group>";
		};
		036DB79E259FD6510013C3B7 /* ConjuguerTests */ = {
			isa = PBXGroup;
			children = (
				036DB79F259FD6510013C3B7 /* CompoundTenseTests.swift */,
				036DB7A1259FD6510013C3B7 /* Info.plist */,
				03B54B4525AF92930062B323 /* VerbModelTests.swift */,
				03B54B3D25AF914F0062B323 /* TestUtils.swift */,
			);
			path = ConjuguerTests;
			sourceTree = "<group>";
		};
		036DB7CB25A0C97F0013C3B7 /* Models */ = {
			isa = PBXGroup;
			children = (
				036DB7F225A12B990013C3B7 /* Auxiliary.swift */,
				03ACAA0525ACB6B900CF5390 /* ConditionnelPresent.swift */,
				032DBC47272F57A600D5804C /* ConjugationResult.swift */,
				036DB7D025A0C9F10013C3B7 /* Conjugator.swift */,
				036DB7FA25A13C110013C3B7 /* ConjugatorError.swift */,
				038E0AFD2690976D002A71EF /* DefectGroup.swift */,
				038E0B022690A016002A71EF /* DefectGroupParser.swift */,
				038E0AF8268D0E02002A71EF /* defectGroups.xml */,
				030FFAA426CA19CB00741524 /* frequencies.xml */,
				030FFAA626CA1A2000741524 /* FrequencyParser.swift */,
				03ACAA0025ACB65300CF5390 /* FuturSimple.swift */,
				03ACA9F625A9FD4400CF5390 /* Imparfait.swift */,
				036DB81725A8C9420013C3B7 /* IndicatifPresentGroup.swift */,
				03309F6526BC9C95003E4F92 /* Info.swift */,
				035D979626B74C820089083C /* L.swift */,
				036DB80F25A6C7900013C3B7 /* PasseSimpleGroup.swift */,
				036DB7EC25A1070D0013C3B7 /* PersonNumber.swift */,
				035BC8F027376D3C00EA13CA /* PronounGender.swift */,
				036A9931271B8AF700C6C984 /* Quiz.swift */,
				035BC8E82737235C00EA13CA /* QuizDifficulty.swift */,
				035BC8FA2739C1DC00EA13CA /* QuizResult.swift */,
				036A99332726144600C6C984 /* QuizState.swift */,
				036A992F27138ACD00C6C984 /* QuizVerbs.swift */,
				03C2CAC42619125200CFA825 /* Sound.swift */,
				036DB7E325A0DD9B0013C3B7 /* StemAlteration.swift */,
				03ACA9FB25AA5D4700CF5390 /* SubjonctifPresentGroup.swift */,
				036DB7EB25A1070D0013C3B7 /* Tense.swift */,
				036DB7DE25A0DD7A0013C3B7 /* Verb.swift */,
				036DB7BB259FD67C0013C3B7 /* VerbModel.swift */,
				036DB80425A386D60013C3B7 /* VerbModelParser.swift */,
				036DB7FF25A37ECB0013C3B7 /* verbModels.xml */,
				036DB7BC259FD67C0013C3B7 /* VerbParser.swift */,
				036DB7BD259FD67C0013C3B7 /* verbs.xml */,
			);
			path = Models;
			sourceTree = "<group>";
		};
		036DB7CC25A0C9AF0013C3B7 /* App */ = {
			isa = PBXGroup;
			children = (
				036DB78D259FD6500013C3B7 /* ConjuguerApp.swift */,
				036DB793259FD6510013C3B7 /* Preview Content */,
			);
			path = App;
			sourceTree = "<group>";
		};
		037367FD25D5C3C9008BDF46 /* Utils */ = {
			isa = PBXGroup;
			children = (
				032B122626BB3FA0000E70CA /* ColorExtension.swift */,
				037367FE25D5C3EB008BDF46 /* ConjugationText.swift */,
				0373683025DC672F008BDF46 /* DictionaryGetterSetter.swift */,
				035BC8F4273897C200EA13CA /* DoubleExtension.swift */,
				032D267526C02FAB00AE1BD1 /* Fonts.swift */,
				036A99352726166F00C6C984 /* GameCenterable.swift */,
				0373682E25DC672F008BDF46 /* GetterSetter.swift */,
				035BC8F62738A4F900EA13CA /* IntExtension.swift */,
				035BC8DA2736E86F00EA13CA /* Layout.swift */,
				0373683D25DD79A4008BDF46 /* ModelSort.swift */,
				03653F0225EC4F5A00A34267 /* Modifiers.swift */,
				03309F6726BC9E72003E4F92 /* NSAttributedStringExtension.swift */,
				0373682425DC65B2008BDF46 /* Settings.swift */,
				03C2CAC32619125200CFA825 /* SoundPlayer.swift */,
				03309F6826BC9E72003E4F92 /* StringExtensions.swift */,
				036A99372726168900C6C984 /* TestGameCenter.swift */,
				03309F6B26BCA0B0003E4F92 /* UIFontExtension.swift */,
				0339B50826F9053500F63ADC /* URLExtensions.swift */,
				0373682F25DC672F008BDF46 /* UserDefaultsGetterSetter.swift */,
				0373681A25DB8BAD008BDF46 /* Util.swift */,
				0373682925DC667B008BDF46 /* VerbSort.swift */,
				0373681F25DC6502008BDF46 /* World.swift */,
			);
			path = Utils;
			sourceTree = "<group>";
		};
		0373680C25DB80DA008BDF46 /* Views */ = {
			isa = PBXGroup;
			children = (
				032B122226BA02D8000E70CA /* InfoBrowseView.swift */,
				032D267126BDF52100AE1BD1 /* InfoView.swift */,
				036DB78F259FD6500013C3B7 /* InputView.swift */,
				0373680D25DB811F008BDF46 /* MainTabView.swift */,
				0373684425DD809C008BDF46 /* ModelBrowseView.swift */,
				0343E7DE25E427890043B813 /* ModelView.swift */,
				035BC8F227387B7D00EA13CA /* QuizResultsView.swift */,
				035BC8F82739BC7C00EA13CA /* QuizResultView.swift */,
				03FA474727060D2000131205 /* QuizView.swift */,
				03FA474927060D6C00131205 /* SettingsView.swift */,
				032D267326BDF5E000AE1BD1 /* TextView.swift */,
				0373681525DB8530008BDF46 /* VerbBrowseView.swift */,
				03653F0F25EC67DF00A34267 /* VerbView.swift */,
			);
			path = Views;
			sourceTree = "<group>";
		};
		03C2CACA261912AA00CFA825 /* Assets */ = {
			isa = PBXGroup;
			children = (
				032DBC4D272F5CB400D5804C /* Sounds */,
				036DB791259FD6510013C3B7 /* Assets.xcassets */,
				036E4D0F2735CA7C00A52973 /* LaunchScreen.storyboard */,
				035D979C26B74D6C0089083C /* Localizable.strings */,
				03309F6F26BD8D10003E4F92 /* WorkSans-Bold.ttf */,
				032D267726C0DD6200AE1BD1 /* WorkSans-SemiBold.ttf */,
				033EAA172630A36B0055B313 /* WorkSans.ttf */,
			);
			path = Assets;
			sourceTree = "<group>";
		};
/* End PBXGroup section */

/* Begin PBXNativeTarget section */
		036DB789259FD6500013C3B7 /* Conjuguer */ = {
			isa = PBXNativeTarget;
			buildConfigurationList = 036DB7AF259FD6510013C3B7 /* Build configuration list for PBXNativeTarget "Conjuguer" */;
			buildPhases = (
				036DB786259FD6500013C3B7 /* Sources */,
				036DB787259FD6500013C3B7 /* Frameworks */,
				036DB788259FD6500013C3B7 /* Resources */,
				03322B0F25B60EC800954766 /* Run SwiftLint */,
			);
			buildRules = (
			);
			dependencies = (
			);
			name = Conjuguer;
			productName = Conjuguer;
			productReference = 036DB78A259FD6500013C3B7 /* Conjuguer.app */;
			productType = "com.apple.product-type.application";
		};
		036DB79A259FD6510013C3B7 /* ConjuguerTests */ = {
			isa = PBXNativeTarget;
			buildConfigurationList = 036DB7B2259FD6510013C3B7 /* Build configuration list for PBXNativeTarget "ConjuguerTests" */;
			buildPhases = (
				036DB797259FD6510013C3B7 /* Sources */,
				036DB798259FD6510013C3B7 /* Frameworks */,
				036DB799259FD6510013C3B7 /* Resources */,
			);
			buildRules = (
			);
			dependencies = (
				036DB79D259FD6510013C3B7 /* PBXTargetDependency */,
			);
			name = ConjuguerTests;
			productName = ConjuguerTests;
			productReference = 036DB79B259FD6510013C3B7 /* ConjuguerTests.xctest */;
			productType = "com.apple.product-type.bundle.unit-test";
		};
/* End PBXNativeTarget section */

/* Begin PBXProject section */
		036DB782259FD6500013C3B7 /* Project object */ = {
			isa = PBXProject;
			attributes = {
				LastSwiftUpdateCheck = 1220;
				LastUpgradeCheck = 1250;
				TargetAttributes = {
					036DB789259FD6500013C3B7 = {
						CreatedOnToolsVersion = 12.2;
					};
					036DB79A259FD6510013C3B7 = {
						CreatedOnToolsVersion = 12.2;
						TestTargetID = 036DB789259FD6500013C3B7;
					};
				};
			};
			buildConfigurationList = 036DB785259FD6500013C3B7 /* Build configuration list for PBXProject "Conjuguer" */;
			compatibilityVersion = "Xcode 9.3";
			developmentRegion = en;
			hasScannedForEncodings = 0;
			knownRegions = (
				en,
				Base,
				fr,
			);
			mainGroup = 036DB781259FD6500013C3B7;
			productRefGroup = 036DB78B259FD6500013C3B7 /* Products */;
			projectDirPath = "";
			projectRoot = "";
			targets = (
				036DB789259FD6500013C3B7 /* Conjuguer */,
				036DB79A259FD6510013C3B7 /* ConjuguerTests */,
			);
		};
/* End PBXProject section */

/* Begin PBXResourcesBuildPhase section */
		036DB788259FD6500013C3B7 /* Resources */ = {
			isa = PBXResourcesBuildPhase;
			buildActionMask = 2147483647;
			files = (
				033EAA182630A36B0055B313 /* WorkSans.ttf in Resources */,
				03C2CACE261912EA00CFA825 /* sadTrombone1.mp3 in Resources */,
				038E0AF9268D0E02002A71EF /* defectGroups.xml in Resources */,
				035BC8E32736EA3000EA13CA /* applause3.mp3 in Resources */,
				035BC8E52736EA3000EA13CA /* gun2.mp3 in Resources */,
				035BC8E12736EA3000EA13CA /* applause1.mp3 in Resources */,
				036DB795259FD6510013C3B7 /* Preview Assets.xcassets in Resources */,
				030FFAA526CA19CB00741524 /* frequencies.xml in Resources */,
				035BC8EF273736A700EA13CA /* sadTrombone4.mp3 in Resources */,
				035D979A26B74D6C0089083C /* Localizable.strings in Resources */,
				035BC8E72736F14600EA13CA /* silence.mp3 in Resources */,
				035BC8ED2737346D00EA13CA /* sadTrombone3.mp3 in Resources */,
				036DB80025A37ECB0013C3B7 /* verbModels.xml in Resources */,
				03309F7026BD8D10003E4F92 /* WorkSans-Bold.ttf in Resources */,
				035BC8EC2737346D00EA13CA /* sadTrombone2.mp3 in Resources */,
				036E4D102735CA7C00A52973 /* LaunchScreen.storyboard in Resources */,
				035BC8E22736EA3000EA13CA /* gun1.mp3 in Resources */,
				03C2CAD62619160C00CFA825 /* chime.mp3 in Resources */,
				032DBC4B272F5CA400D5804C /* buzz.mp3 in Resources */,
				036DB7C0259FD67C0013C3B7 /* verbs.xml in Resources */,
				035BC8E42736EA3000EA13CA /* applause2.mp3 in Resources */,
				032DBC4C272F5CA400D5804C /* chirp.mp3 in Resources */,
				036DB792259FD6510013C3B7 /* Assets.xcassets in Resources */,
				032D267826C0DD6200AE1BD1 /* WorkSans-SemiBold.ttf in Resources */,
			);
			runOnlyForDeploymentPostprocessing = 0;
		};
		036DB799259FD6510013C3B7 /* Resources */ = {
			isa = PBXResourcesBuildPhase;
			buildActionMask = 2147483647;
			files = (
			);
			runOnlyForDeploymentPostprocessing = 0;
		};
/* End PBXResourcesBuildPhase section */

/* Begin PBXShellScriptBuildPhase section */
		03322B0F25B60EC800954766 /* Run SwiftLint */ = {
			isa = PBXShellScriptBuildPhase;
			buildActionMask = 2147483647;
			files = (
			);
			inputFileListPaths = (
			);
			inputPaths = (
			);
			name = "Run SwiftLint";
			outputFileListPaths = (
			);
			outputPaths = (
			);
			runOnlyForDeploymentPostprocessing = 0;
			shellPath = /bin/sh;
			shellScript = "if which swiftlint >/dev/null; then\nswiftlint\nelse\necho \"warning: SwiftLint not installed, download from https://github.com/realm/SwiftLint\"\nfi\n";
		};
/* End PBXShellScriptBuildPhase section */

/* Begin PBXSourcesBuildPhase section */
		036DB786259FD6500013C3B7 /* Sources */ = {
			isa = PBXSourcesBuildPhase;
			buildActionMask = 2147483647;
			files = (
				038E0AFE2690976D002A71EF /* DefectGroup.swift in Sources */,
				03C2CAC62619125200CFA825 /* Sound.swift in Sources */,
				036DB7DF25A0DD7A0013C3B7 /* Verb.swift in Sources */,
				03FA474A27060D6C00131205 /* SettingsView.swift in Sources */,
				03309F6926BC9E72003E4F92 /* NSAttributedStringExtension.swift in Sources */,
				035BC8F92739BC7C00EA13CA /* QuizResultView.swift in Sources */,
				032DBC48272F57A600D5804C /* ConjugationResult.swift in Sources */,
				035BC8E92737235C00EA13CA /* QuizDifficulty.swift in Sources */,
				036A993027138ACD00C6C984 /* QuizVerbs.swift in Sources */,
				035BC8F127376D3C00EA13CA /* PronounGender.swift in Sources */,
				036A9932271B8AF700C6C984 /* Quiz.swift in Sources */,
				032B122326BA02D8000E70CA /* InfoBrowseView.swift in Sources */,
				036DB7EE25A1070D0013C3B7 /* PersonNumber.swift in Sources */,
				036DB7E425A0DD9B0013C3B7 /* StemAlteration.swift in Sources */,
				0339B50926F9053500F63ADC /* URLExtensions.swift in Sources */,
				0373682A25DC667B008BDF46 /* VerbSort.swift in Sources */,
				0343E7DF25E427890043B813 /* ModelView.swift in Sources */,
				03ACAA0625ACB6B900CF5390 /* ConditionnelPresent.swift in Sources */,
				03309F6C26BCA0B0003E4F92 /* UIFontExtension.swift in Sources */,
				036DB7FB25A13C110013C3B7 /* ConjugatorError.swift in Sources */,
				03ACA9F725A9FD4400CF5390 /* Imparfait.swift in Sources */,
				03309F6A26BC9E72003E4F92 /* StringExtensions.swift in Sources */,
				036A99382726168900C6C984 /* TestGameCenter.swift in Sources */,
				038E0B032690A016002A71EF /* DefectGroupParser.swift in Sources */,
				035BC8F72738A4F900EA13CA /* IntExtension.swift in Sources */,
				036DB790259FD6500013C3B7 /* InputView.swift in Sources */,
				035BC8FB2739C1DC00EA13CA /* QuizResult.swift in Sources */,
				03309F6626BC9C95003E4F92 /* Info.swift in Sources */,
				036DB81825A8C9420013C3B7 /* IndicatifPresentGroup.swift in Sources */,
				0373683125DC672F008BDF46 /* GetterSetter.swift in Sources */,
				036DB7F325A12B990013C3B7 /* Auxiliary.swift in Sources */,
				03653F0325EC4F5A00A34267 /* Modifiers.swift in Sources */,
				036DB80525A386D60013C3B7 /* VerbModelParser.swift in Sources */,
				036DB7D125A0C9F10013C3B7 /* Conjugator.swift in Sources */,
				032B122726BB3FA0000E70CA /* ColorExtension.swift in Sources */,
				03653F1025EC67DF00A34267 /* VerbView.swift in Sources */,
				0373681B25DB8BAD008BDF46 /* Util.swift in Sources */,
				03FA474827060D2000131205 /* QuizView.swift in Sources */,
				03ACAA0125ACB65300CF5390 /* FuturSimple.swift in Sources */,
				0373682025DC6502008BDF46 /* World.swift in Sources */,
				032D267626C02FAB00AE1BD1 /* Fonts.swift in Sources */,
				036DB81025A6C7900013C3B7 /* PasseSimpleGroup.swift in Sources */,
				0373683E25DD79A4008BDF46 /* ModelSort.swift in Sources */,
				036DB78E259FD6500013C3B7 /* ConjuguerApp.swift in Sources */,
				037367FF25D5C3EB008BDF46 /* ConjugationText.swift in Sources */,
				035D979726B74C820089083C /* L.swift in Sources */,
				03ACA9FC25AA5D4700CF5390 /* SubjonctifPresentGroup.swift in Sources */,
				0373682525DC65B2008BDF46 /* Settings.swift in Sources */,
				0373681625DB8530008BDF46 /* VerbBrowseView.swift in Sources */,
				0373683225DC672F008BDF46 /* UserDefaultsGetterSetter.swift in Sources */,
				036A99362726166F00C6C984 /* GameCenterable.swift in Sources */,
				0373683325DC672F008BDF46 /* DictionaryGetterSetter.swift in Sources */,
				036A99342726144600C6C984 /* QuizState.swift in Sources */,
				036DB7ED25A1070D0013C3B7 /* Tense.swift in Sources */,
				0373684525DD809C008BDF46 /* ModelBrowseView.swift in Sources */,
				035BC8F5273897C200EA13CA /* DoubleExtension.swift in Sources */,
				036DB7BE259FD67C0013C3B7 /* VerbModel.swift in Sources */,
				036DB7BF259FD67C0013C3B7 /* VerbParser.swift in Sources */,
				03C2CAC52619125200CFA825 /* SoundPlayer.swift in Sources */,
				035BC8DB2736E86F00EA13CA /* Layout.swift in Sources */,
				032D267426BDF5E000AE1BD1 /* TextView.swift in Sources */,
				032D267226BDF52100AE1BD1 /* InfoView.swift in Sources */,
				035BC8F327387B7D00EA13CA /* QuizResultsView.swift in Sources */,
				0373680E25DB811F008BDF46 /* MainTabView.swift in Sources */,
				030FFAA726CA1A2000741524 /* FrequencyParser.swift in Sources */,
			);
			runOnlyForDeploymentPostprocessing = 0;
		};
		036DB797259FD6510013C3B7 /* Sources */ = {
			isa = PBXSourcesBuildPhase;
			buildActionMask = 2147483647;
			files = (
				036DB7A0259FD6510013C3B7 /* CompoundTenseTests.swift in Sources */,
				03B54B3E25AF914F0062B323 /* TestUtils.swift in Sources */,
				03B54B4625AF92930062B323 /* VerbModelTests.swift in Sources */,
			);
			runOnlyForDeploymentPostprocessing = 0;
		};
/* End PBXSourcesBuildPhase section */

/* Begin PBXTargetDependency section */
		036DB79D259FD6510013C3B7 /* PBXTargetDependency */ = {
			isa = PBXTargetDependency;
			target = 036DB789259FD6500013C3B7 /* Conjuguer */;
			targetProxy = 036DB79C259FD6510013C3B7 /* PBXContainerItemProxy */;
		};
/* End PBXTargetDependency section */

/* Begin PBXVariantGroup section */
		035D979C26B74D6C0089083C /* Localizable.strings */ = {
			isa = PBXVariantGroup;
			children = (
				035D979B26B74D6C0089083C /* en */,
				035D979D26B74D730089083C /* fr */,
			);
			name = Localizable.strings;
			sourceTree = "<group>";
		};
/* End PBXVariantGroup section */

/* Begin XCBuildConfiguration section */
		036DB7AD259FD6510013C3B7 /* Debug */ = {
			isa = XCBuildConfiguration;
			buildSettings = {
				ALWAYS_SEARCH_USER_PATHS = NO;
				CLANG_ANALYZER_LOCALIZABILITY_NONLOCALIZED = YES;
				CLANG_ANALYZER_NONNULL = YES;
				CLANG_ANALYZER_NUMBER_OBJECT_CONVERSION = YES_AGGRESSIVE;
				CLANG_CXX_LANGUAGE_STANDARD = "gnu++14";
				CLANG_CXX_LIBRARY = "libc++";
				CLANG_ENABLE_MODULES = YES;
				CLANG_ENABLE_OBJC_ARC = YES;
				CLANG_ENABLE_OBJC_WEAK = YES;
				CLANG_WARN_BLOCK_CAPTURE_AUTORELEASING = YES;
				CLANG_WARN_BOOL_CONVERSION = YES;
				CLANG_WARN_COMMA = YES;
				CLANG_WARN_CONSTANT_CONVERSION = YES;
				CLANG_WARN_DEPRECATED_OBJC_IMPLEMENTATIONS = YES;
				CLANG_WARN_DIRECT_OBJC_ISA_USAGE = YES_ERROR;
				CLANG_WARN_DOCUMENTATION_COMMENTS = YES;
				CLANG_WARN_EMPTY_BODY = YES;
				CLANG_WARN_ENUM_CONVERSION = YES;
				CLANG_WARN_INFINITE_RECURSION = YES;
				CLANG_WARN_INT_CONVERSION = YES;
				CLANG_WARN_NON_LITERAL_NULL_CONVERSION = YES;
				CLANG_WARN_OBJC_IMPLICIT_RETAIN_SELF = YES;
				CLANG_WARN_OBJC_LITERAL_CONVERSION = YES;
				CLANG_WARN_OBJC_ROOT_CLASS = YES_ERROR;
				CLANG_WARN_QUOTED_INCLUDE_IN_FRAMEWORK_HEADER = YES;
				CLANG_WARN_RANGE_LOOP_ANALYSIS = YES;
				CLANG_WARN_STRICT_PROTOTYPES = YES;
				CLANG_WARN_SUSPICIOUS_MOVE = YES;
				CLANG_WARN_UNGUARDED_AVAILABILITY = YES_AGGRESSIVE;
				CLANG_WARN_UNREACHABLE_CODE = YES;
				CLANG_WARN__DUPLICATE_METHOD_MATCH = YES;
				COPY_PHASE_STRIP = NO;
				DEBUG_INFORMATION_FORMAT = dwarf;
				ENABLE_STRICT_OBJC_MSGSEND = YES;
				ENABLE_TESTABILITY = YES;
				GCC_C_LANGUAGE_STANDARD = gnu11;
				GCC_DYNAMIC_NO_PIC = NO;
				GCC_NO_COMMON_BLOCKS = YES;
				GCC_OPTIMIZATION_LEVEL = 0;
				GCC_PREPROCESSOR_DEFINITIONS = (
					"DEBUG=1",
					"$(inherited)",
				);
				GCC_WARN_64_TO_32_BIT_CONVERSION = YES;
				GCC_WARN_ABOUT_RETURN_TYPE = YES_ERROR;
				GCC_WARN_UNDECLARED_SELECTOR = YES;
				GCC_WARN_UNINITIALIZED_AUTOS = YES_AGGRESSIVE;
				GCC_WARN_UNUSED_FUNCTION = YES;
				GCC_WARN_UNUSED_VARIABLE = YES;
				IPHONEOS_DEPLOYMENT_TARGET = 14.2;
				MTL_ENABLE_DEBUG_INFO = INCLUDE_SOURCE;
				MTL_FAST_MATH = YES;
				ONLY_ACTIVE_ARCH = YES;
				SDKROOT = iphoneos;
				SWIFT_ACTIVE_COMPILATION_CONDITIONS = DEBUG;
				SWIFT_OPTIMIZATION_LEVEL = "-Onone";
			};
			name = Debug;
		};
		036DB7AE259FD6510013C3B7 /* Release */ = {
			isa = XCBuildConfiguration;
			buildSettings = {
				ALWAYS_SEARCH_USER_PATHS = NO;
				CLANG_ANALYZER_LOCALIZABILITY_NONLOCALIZED = YES;
				CLANG_ANALYZER_NONNULL = YES;
				CLANG_ANALYZER_NUMBER_OBJECT_CONVERSION = YES_AGGRESSIVE;
				CLANG_CXX_LANGUAGE_STANDARD = "gnu++14";
				CLANG_CXX_LIBRARY = "libc++";
				CLANG_ENABLE_MODULES = YES;
				CLANG_ENABLE_OBJC_ARC = YES;
				CLANG_ENABLE_OBJC_WEAK = YES;
				CLANG_WARN_BLOCK_CAPTURE_AUTORELEASING = YES;
				CLANG_WARN_BOOL_CONVERSION = YES;
				CLANG_WARN_COMMA = YES;
				CLANG_WARN_CONSTANT_CONVERSION = YES;
				CLANG_WARN_DEPRECATED_OBJC_IMPLEMENTATIONS = YES;
				CLANG_WARN_DIRECT_OBJC_ISA_USAGE = YES_ERROR;
				CLANG_WARN_DOCUMENTATION_COMMENTS = YES;
				CLANG_WARN_EMPTY_BODY = YES;
				CLANG_WARN_ENUM_CONVERSION = YES;
				CLANG_WARN_INFINITE_RECURSION = YES;
				CLANG_WARN_INT_CONVERSION = YES;
				CLANG_WARN_NON_LITERAL_NULL_CONVERSION = YES;
				CLANG_WARN_OBJC_IMPLICIT_RETAIN_SELF = YES;
				CLANG_WARN_OBJC_LITERAL_CONVERSION = YES;
				CLANG_WARN_OBJC_ROOT_CLASS = YES_ERROR;
				CLANG_WARN_QUOTED_INCLUDE_IN_FRAMEWORK_HEADER = YES;
				CLANG_WARN_RANGE_LOOP_ANALYSIS = YES;
				CLANG_WARN_STRICT_PROTOTYPES = YES;
				CLANG_WARN_SUSPICIOUS_MOVE = YES;
				CLANG_WARN_UNGUARDED_AVAILABILITY = YES_AGGRESSIVE;
				CLANG_WARN_UNREACHABLE_CODE = YES;
				CLANG_WARN__DUPLICATE_METHOD_MATCH = YES;
				COPY_PHASE_STRIP = NO;
				DEBUG_INFORMATION_FORMAT = "dwarf-with-dsym";
				ENABLE_NS_ASSERTIONS = NO;
				ENABLE_STRICT_OBJC_MSGSEND = YES;
				GCC_C_LANGUAGE_STANDARD = gnu11;
				GCC_NO_COMMON_BLOCKS = YES;
				GCC_WARN_64_TO_32_BIT_CONVERSION = YES;
				GCC_WARN_ABOUT_RETURN_TYPE = YES_ERROR;
				GCC_WARN_UNDECLARED_SELECTOR = YES;
				GCC_WARN_UNINITIALIZED_AUTOS = YES_AGGRESSIVE;
				GCC_WARN_UNUSED_FUNCTION = YES;
				GCC_WARN_UNUSED_VARIABLE = YES;
				IPHONEOS_DEPLOYMENT_TARGET = 14.2;
				MTL_ENABLE_DEBUG_INFO = NO;
				MTL_FAST_MATH = YES;
				SDKROOT = iphoneos;
				SWIFT_COMPILATION_MODE = wholemodule;
				SWIFT_OPTIMIZATION_LEVEL = "-O";
				VALIDATE_PRODUCT = YES;
			};
			name = Release;
		};
		036DB7B0259FD6510013C3B7 /* Debug */ = {
			isa = XCBuildConfiguration;
			buildSettings = {
				ASSETCATALOG_COMPILER_APPICON_NAME = AppIcon;
				ASSETCATALOG_COMPILER_GLOBAL_ACCENT_COLOR_NAME = AccentColor;
				CODE_SIGN_STYLE = Automatic;
				DEVELOPMENT_ASSET_PATHS = "\"Conjuguer/App/Preview Content\"";
				DEVELOPMENT_TEAM = V3L2PL4QC9;
				ENABLE_PREVIEWS = YES;
				INFOPLIST_FILE = Conjuguer/Info.plist;
				IPHONEOS_DEPLOYMENT_TARGET = 15.0;
				LD_RUNPATH_SEARCH_PATHS = (
					"$(inherited)",
					"@executable_path/Frameworks",
				);
				PRODUCT_BUNDLE_IDENTIFIER = software.racecondition.Conjuguer;
				PRODUCT_NAME = "$(TARGET_NAME)";
				SWIFT_VERSION = 5.0;
				TARGETED_DEVICE_FAMILY = "1,2";
			};
			name = Debug;
		};
		036DB7B1259FD6510013C3B7 /* Release */ = {
			isa = XCBuildConfiguration;
			buildSettings = {
				ASSETCATALOG_COMPILER_APPICON_NAME = AppIcon;
				ASSETCATALOG_COMPILER_GLOBAL_ACCENT_COLOR_NAME = AccentColor;
				CODE_SIGN_STYLE = Automatic;
				DEVELOPMENT_ASSET_PATHS = "\"Conjuguer/App/Preview Content\"";
				DEVELOPMENT_TEAM = V3L2PL4QC9;
				ENABLE_PREVIEWS = YES;
				INFOPLIST_FILE = Conjuguer/Info.plist;
				IPHONEOS_DEPLOYMENT_TARGET = 15.0;
				LD_RUNPATH_SEARCH_PATHS = (
					"$(inherited)",
					"@executable_path/Frameworks",
				);
				PRODUCT_BUNDLE_IDENTIFIER = software.racecondition.Conjuguer;
				PRODUCT_NAME = "$(TARGET_NAME)";
				SWIFT_VERSION = 5.0;
				TARGETED_DEVICE_FAMILY = "1,2";
			};
			name = Release;
		};
		036DB7B3259FD6510013C3B7 /* Debug */ = {
			isa = XCBuildConfiguration;
			buildSettings = {
				ALWAYS_EMBED_SWIFT_STANDARD_LIBRARIES = YES;
				BUNDLE_LOADER = "$(TEST_HOST)";
				CODE_SIGN_STYLE = Automatic;
				DEVELOPMENT_TEAM = V3L2PL4QC9;
				INFOPLIST_FILE = ConjuguerTests/Info.plist;
				IPHONEOS_DEPLOYMENT_TARGET = 15.0;
				LD_RUNPATH_SEARCH_PATHS = (
					"$(inherited)",
					"@executable_path/Frameworks",
					"@loader_path/Frameworks",
				);
				PRODUCT_BUNDLE_IDENTIFIER = software.racecondition.ConjuguerTests;
				PRODUCT_NAME = "$(TARGET_NAME)";
				SWIFT_VERSION = 5.0;
				TARGETED_DEVICE_FAMILY = "1,2";
				TEST_HOST = "$(BUILT_PRODUCTS_DIR)/Conjuguer.app/Conjuguer";
			};
			name = Debug;
		};
		036DB7B4259FD6510013C3B7 /* Release */ = {
			isa = XCBuildConfiguration;
			buildSettings = {
				ALWAYS_EMBED_SWIFT_STANDARD_LIBRARIES = YES;
				BUNDLE_LOADER = "$(TEST_HOST)";
				CODE_SIGN_STYLE = Automatic;
				DEVELOPMENT_TEAM = V3L2PL4QC9;
				INFOPLIST_FILE = ConjuguerTests/Info.plist;
				IPHONEOS_DEPLOYMENT_TARGET = 15.0;
				LD_RUNPATH_SEARCH_PATHS = (
					"$(inherited)",
					"@executable_path/Frameworks",
					"@loader_path/Frameworks",
				);
				PRODUCT_BUNDLE_IDENTIFIER = software.racecondition.ConjuguerTests;
				PRODUCT_NAME = "$(TARGET_NAME)";
				SWIFT_VERSION = 5.0;
				TARGETED_DEVICE_FAMILY = "1,2";
				TEST_HOST = "$(BUILT_PRODUCTS_DIR)/Conjuguer.app/Conjuguer";
			};
			name = Release;
		};
/* End XCBuildConfiguration section */

/* Begin XCConfigurationList section */
		036DB785259FD6500013C3B7 /* Build configuration list for PBXProject "Conjuguer" */ = {
			isa = XCConfigurationList;
			buildConfigurations = (
				036DB7AD259FD6510013C3B7 /* Debug */,
				036DB7AE259FD6510013C3B7 /* Release */,
			);
			defaultConfigurationIsVisible = 0;
			defaultConfigurationName = Release;
		};
		036DB7AF259FD6510013C3B7 /* Build configuration list for PBXNativeTarget "Conjuguer" */ = {
			isa = XCConfigurationList;
			buildConfigurations = (
				036DB7B0259FD6510013C3B7 /* Debug */,
				036DB7B1259FD6510013C3B7 /* Release */,
			);
			defaultConfigurationIsVisible = 0;
			defaultConfigurationName = Release;
		};
		036DB7B2259FD6510013C3B7 /* Build configuration list for PBXNativeTarget "ConjuguerTests" */ = {
			isa = XCConfigurationList;
			buildConfigurations = (
				036DB7B3259FD6510013C3B7 /* Debug */,
				036DB7B4259FD6510013C3B7 /* Release */,
			);
			defaultConfigurationIsVisible = 0;
			defaultConfigurationName = Release;
		};
/* End XCConfigurationList section */
	};
	rootObject = 036DB782259FD6500013C3B7 /* Project object */;
}
